
Microsoft Visual Studio Solution File, Format Version 12.00
# Visual Studio Version 17
VisualStudioVersion = 17.2.32616.157
MinimumVisualStudioVersion = 10.0.40219.1
Project("{9A19103F-16F7-4668-BE54-9A1E7A4F7556}") = "BuidManagement.Api", "BuidManagement.Api\BuidManagement.Api.csproj", "{2AEF4381-4D92-474A-9423-4F72E61A23C3}"
EndProject
Project("{9A19103F-16F7-4668-BE54-9A1E7A4F7556}") = "BuildManagement.Domain", "BuilManagement.Domain\BuildManagement.Domain.csproj", "{6AC5ADF7-B502-4FE8-BF2F-D80D243A5341}"
EndProject
Project("{9A19103F-16F7-4668-BE54-9A1E7A4F7556}") = "BuildManagement.Service", "BuildManagement.Service\BuildManagement.Service.csproj", "{0DFFD550-5332-46F8-9E45-8016FD91CF7A}"
EndProject
Project("{9A19103F-16F7-4668-BE54-9A1E7A4F7556}") = "BuildManagement.Infra.Data", "BuildManagement.Infra.Data\BuildManagement.Infra.Data.csproj", "{CE2D6F02-F57E-4038-9E9F-B804380D5A7F}"
EndProject
Project("{2150E333-8FDC-42A3-9474-1A3956D46DE8}") = "1-Application", "1-Application", "{9BAE4E1D-E51E-404F-B18D-0DB1F28B6096}"
EndProject
Project("{2150E333-8FDC-42A3-9474-1A3956D46DE8}") = "2-Domain", "2-Domain", "{93984F15-3C20-4FB1-AEDA-FED88DFAFCE5}"
EndProject
Project("{2150E333-8FDC-42A3-9474-1A3956D46DE8}") = "3-Service", "3-Service", "{501DA6E0-F751-40D8-A598-B8EEE608C279}"
EndProject
Project("{2150E333-8FDC-42A3-9474-1A3956D46DE8}") = "4-Infra", "4-Infra", "{A74B7A88-D0BE-4E97-9C97-6A789A59E236}"
EndProject
Global
	GlobalSection(SolutionConfigurationPlatforms) = preSolution
		Debug|Any CPU = Debug|Any CPU
		Release|Any CPU = Release|Any CPU
	EndGlobalSection
	GlobalSection(ProjectConfigurationPlatforms) = postSolution
		{2AEF4381-4D92-474A-9423-4F72E61A23C3}.Debug|Any CPU.ActiveCfg = Debug|Any CPU
		{2AEF4381-4D92-474A-9423-4F72E61A23C3}.Debug|Any CPU.Build.0 = Debug|Any CPU
		{2AEF4381-4D92-474A-9423-4F72E61A23C3}.Release|Any CPU.ActiveCfg = Release|Any CPU
		{2AEF4381-4D92-474A-9423-4F72E61A23C3}.Release|Any CPU.Build.0 = Release|Any CPU
		{6AC5ADF7-B502-4FE8-BF2F-D80D243A5341}.Debug|Any CPU.ActiveCfg = Debug|Any CPU
		{6AC5ADF7-B502-4FE8-BF2F-D80D243A5341}.Debug|Any CPU.Build.0 = Debug|Any CPU
		{6AC5ADF7-B502-4FE8-BF2F-D80D243A5341}.Release|Any CPU.ActiveCfg = Release|Any CPU
		{6AC5ADF7-B502-4FE8-BF2F-D80D243A5341}.Release|Any CPU.Build.0 = Release|Any CPU
		{0DFFD550-5332-46F8-9E45-8016FD91CF7A}.Debug|Any CPU.ActiveCfg = Debug|Any CPU
		{0DFFD550-5332-46F8-9E45-8016FD91CF7A}.Debug|Any CPU.Build.0 = Debug|Any CPU
		{0DFFD550-5332-46F8-9E45-8016FD91CF7A}.Release|Any CPU.ActiveCfg = Release|Any CPU
		{0DFFD550-5332-46F8-9E45-8016FD91CF7A}.Release|Any CPU.Build.0 = Release|Any CPU
		{CE2D6F02-F57E-4038-9E9F-B804380D5A7F}.Debug|Any CPU.ActiveCfg = Debug|Any CPU
		{CE2D6F02-F57E-4038-9E9F-B804380D5A7F}.Debug|Any CPU.Build.0 = Debug|Any CPU
		{CE2D6F02-F57E-4038-9E9F-B804380D5A7F}.Release|Any CPU.ActiveCfg = Release|Any CPU
		{CE2D6F02-F57E-4038-9E9F-B804380D5A7F}.Release|Any CPU.Build.0 = Release|Any CPU
	EndGlobalSection
	GlobalSection(SolutionProperties) = preSolution
		HideSolutionNode = FALSE
	EndGlobalSection
	GlobalSection(NestedProjects) = preSolution
		{2AEF4381-4D92-474A-9423-4F72E61A23C3} = {9BAE4E1D-E51E-404F-B18D-0DB1F28B6096}
		{6AC5ADF7-B502-4FE8-BF2F-D80D243A5341} = {93984F15-3C20-4FB1-AEDA-FED88DFAFCE5}
		{0DFFD550-5332-46F8-9E45-8016FD91CF7A} = {501DA6E0-F751-40D8-A598-B8EEE608C279}
		{CE2D6F02-F57E-4038-9E9F-B804380D5A7F} = {A74B7A88-D0BE-4E97-9C97-6A789A59E236}
	EndGlobalSection
	GlobalSection(ExtensibilityGlobals) = postSolution
		SolutionGuid = {A558A899-BA52-46CA-9471-1E5A88B93BAD}
	EndGlobalSection
EndGlobal
