
Microsoft Visual Studio Solution File, Format Version 12.00
# Visual Studio Version 17
VisualStudioVersion = 17.3.32929.385
MinimumVisualStudioVersion = 10.0.40219.1
Project("{FAE04EC0-301F-11D3-BF4B-00C04F79EFBC}") = "Authenticate.Api", "Authenticate.Api\Authenticate.Api.csproj", "{83A2A1D2-F5FE-4ABC-B75F-4F37F61310C6}"
EndProject
Global
	GlobalSection(SolutionConfigurationPlatforms) = preSolution
		Debug|Any CPU = Debug|Any CPU
		Release|Any CPU = Release|Any CPU
	EndGlobalSection
	GlobalSection(ProjectConfigurationPlatforms) = postSolution
		{83A2A1D2-F5FE-4ABC-B75F-4F37F61310C6}.Debug|Any CPU.ActiveCfg = Debug|Any CPU
		{83A2A1D2-F5FE-4ABC-B75F-4F37F61310C6}.Debug|Any CPU.Build.0 = Debug|Any CPU
		{83A2A1D2-F5FE-4ABC-B75F-4F37F61310C6}.Release|Any CPU.ActiveCfg = Release|Any CPU
		{83A2A1D2-F5FE-4ABC-B75F-4F37F61310C6}.Release|Any CPU.Build.0 = Release|Any CPU
	EndGlobalSection
	GlobalSection(SolutionProperties) = preSolution
		HideSolutionNode = FALSE
	EndGlobalSection
	GlobalSection(ExtensibilityGlobals) = postSolution
		SolutionGuid = {558A421C-5D04-459E-A111-51DDC9CBBC4E}
	EndGlobalSection
EndGlobal
