
Microsoft Visual Studio Solution File, Format Version 12.00
# Visual Studio Version 17
VisualStudioVersion = 17.1.32210.238
MinimumVisualStudioVersion = 10.0.40219.1
Project("{FAE04EC0-301F-11D3-BF4B-00C04F79EFBC}") = "Purchase.Application", "Purchase.Application\Purchase.Application.csproj", "{98DC93C8-E0C2-4024-952D-13E8F311A9C7}"
EndProject
Project("{FAE04EC0-301F-11D3-BF4B-00C04F79EFBC}") = "Purchase.Domain", "Purchase.Domain\Purchase.Domain.csproj", "{A2049EEF-82C6-4A7F-9F31-84C26DE37492}"
EndProject
Project("{FAE04EC0-301F-11D3-BF4B-00C04F79EFBC}") = "Purchase.Service", "Purchase.Service\Purchase.Service.csproj", "{67EE1612-2612-4299-93D9-2ED1781EB5A3}"
EndProject
Project("{2150E333-8FDC-42A3-9474-1A3956D46DE8}") = "src", "src", "{1F48D355-F79E-431C-8310-5900BC0139B3}"
EndProject
Project("{2150E333-8FDC-42A3-9474-1A3956D46DE8}") = "4-Infra", "4-Infra", "{7D9B4D05-A765-4568-B252-AA6615AE67F2}"
EndProject
Project("{FAE04EC0-301F-11D3-BF4B-00C04F79EFBC}") = "Purchase.Infra.Data", "Purchase.Infra.Data\Purchase.Infra.Data.csproj", "{EC2942B7-4FBD-40E1-9F39-2A32003F81F7}"
EndProject
Project("{2150E333-8FDC-42A3-9474-1A3956D46DE8}") = "4.1-Data", "4.1-Data", "{A45D2395-508F-4D33-B506-4A487DC5B58D}"
EndProject
Project("{2150E333-8FDC-42A3-9474-1A3956D46DE8}") = "1-Application", "1-Application", "{48B333EF-EED0-4687-9062-C751E4C861DB}"
EndProject
Project("{2150E333-8FDC-42A3-9474-1A3956D46DE8}") = "2-Domain", "2-Domain", "{9C6989A6-61D6-4B28-9429-9D7DAEFEC47F}"
EndProject
Project("{2150E333-8FDC-42A3-9474-1A3956D46DE8}") = "3-Service", "3-Service", "{A3C96588-84F5-424C-9FB1-1F4810B06DA5}"
EndProject
Global
	GlobalSection(SolutionConfigurationPlatforms) = preSolution
		Debug|Any CPU = Debug|Any CPU
		Release|Any CPU = Release|Any CPU
	EndGlobalSection
	GlobalSection(ProjectConfigurationPlatforms) = postSolution
		{98DC93C8-E0C2-4024-952D-13E8F311A9C7}.Debug|Any CPU.ActiveCfg = Debug|Any CPU
		{98DC93C8-E0C2-4024-952D-13E8F311A9C7}.Debug|Any CPU.Build.0 = Debug|Any CPU
		{98DC93C8-E0C2-4024-952D-13E8F311A9C7}.Release|Any CPU.ActiveCfg = Release|Any CPU
		{98DC93C8-E0C2-4024-952D-13E8F311A9C7}.Release|Any CPU.Build.0 = Release|Any CPU
		{A2049EEF-82C6-4A7F-9F31-84C26DE37492}.Debug|Any CPU.ActiveCfg = Debug|Any CPU
		{A2049EEF-82C6-4A7F-9F31-84C26DE37492}.Debug|Any CPU.Build.0 = Debug|Any CPU
		{A2049EEF-82C6-4A7F-9F31-84C26DE37492}.Release|Any CPU.ActiveCfg = Release|Any CPU
		{A2049EEF-82C6-4A7F-9F31-84C26DE37492}.Release|Any CPU.Build.0 = Release|Any CPU
		{67EE1612-2612-4299-93D9-2ED1781EB5A3}.Debug|Any CPU.ActiveCfg = Debug|Any CPU
		{67EE1612-2612-4299-93D9-2ED1781EB5A3}.Debug|Any CPU.Build.0 = Debug|Any CPU
		{67EE1612-2612-4299-93D9-2ED1781EB5A3}.Release|Any CPU.ActiveCfg = Release|Any CPU
		{67EE1612-2612-4299-93D9-2ED1781EB5A3}.Release|Any CPU.Build.0 = Release|Any CPU
		{EC2942B7-4FBD-40E1-9F39-2A32003F81F7}.Debug|Any CPU.ActiveCfg = Debug|Any CPU
		{EC2942B7-4FBD-40E1-9F39-2A32003F81F7}.Debug|Any CPU.Build.0 = Debug|Any CPU
		{EC2942B7-4FBD-40E1-9F39-2A32003F81F7}.Release|Any CPU.ActiveCfg = Release|Any CPU
		{EC2942B7-4FBD-40E1-9F39-2A32003F81F7}.Release|Any CPU.Build.0 = Release|Any CPU
	EndGlobalSection
	GlobalSection(SolutionProperties) = preSolution
		HideSolutionNode = FALSE
	EndGlobalSection
	GlobalSection(NestedProjects) = preSolution
		{98DC93C8-E0C2-4024-952D-13E8F311A9C7} = {48B333EF-EED0-4687-9062-C751E4C861DB}
		{A2049EEF-82C6-4A7F-9F31-84C26DE37492} = {9C6989A6-61D6-4B28-9429-9D7DAEFEC47F}
		{67EE1612-2612-4299-93D9-2ED1781EB5A3} = {A3C96588-84F5-424C-9FB1-1F4810B06DA5}
		{7D9B4D05-A765-4568-B252-AA6615AE67F2} = {1F48D355-F79E-431C-8310-5900BC0139B3}
		{EC2942B7-4FBD-40E1-9F39-2A32003F81F7} = {A45D2395-508F-4D33-B506-4A487DC5B58D}
		{A45D2395-508F-4D33-B506-4A487DC5B58D} = {7D9B4D05-A765-4568-B252-AA6615AE67F2}
		{48B333EF-EED0-4687-9062-C751E4C861DB} = {1F48D355-F79E-431C-8310-5900BC0139B3}
		{9C6989A6-61D6-4B28-9429-9D7DAEFEC47F} = {1F48D355-F79E-431C-8310-5900BC0139B3}
		{A3C96588-84F5-424C-9FB1-1F4810B06DA5} = {1F48D355-F79E-431C-8310-5900BC0139B3}
	EndGlobalSection
	GlobalSection(ExtensibilityGlobals) = postSolution
		SolutionGuid = {D62CB2C7-41F5-4D8F-9834-72611199A1DC}
	EndGlobalSection
EndGlobal
