
Microsoft Visual Studio Solution File, Format Version 12.00
# Visual Studio Version 17
VisualStudioVersion = 17.0.31903.59
MinimumVisualStudioVersion = 10.0.40219.1
Project("{2150E333-8FDC-42A3-9474-1A3956D46DE8}") = "Services", "Services", "{D69D5AE2-B8F1-481C-B4A7-64A34E4266D5}"
EndProject
Project("{2150E333-8FDC-42A3-9474-1A3956D46DE8}") = "PeopleManagement", "PeopleManagement", "{7F74AC7B-07A6-4636-A266-AB0C423C18B6}"
EndProject
Project("{9A19103F-16F7-4668-BE54-9A1E7A4F7556}") = "PeopleManagement.API", "Services\PeopleManagement\PeopleManagement.API\PeopleManagement.API.csproj", "{2496FB78-1038-4943-85B7-ECDF0EA4ECA8}"
EndProject
Project("{E53339B2-1760-4266-BCC7-CA923CBCF16C}") = "docker-compose", "docker-compose.dcproj", "{03C02F5B-7BC0-4AA0-8661-7A28189DBCC0}"
EndProject
Project("{9A19103F-16F7-4668-BE54-9A1E7A4F7556}") = "PeopleManagement.Domain", "Services\PeopleManagement\PeopleManagement.Domain\PeopleManagement.Domain.csproj", "{D0B8D8EE-E089-4712-86EF-6EE78E947382}"
EndProject
Project("{9A19103F-16F7-4668-BE54-9A1E7A4F7556}") = "PeopleManagement.Application", "Services\PeopleManagement\PeopleManagement.Application\PeopleManagement.Application.csproj", "{6C41376A-6500-43B4-ABD7-990D35656722}"
EndProject
Project("{9A19103F-16F7-4668-BE54-9A1E7A4F7556}") = "PeopleManagement.Infra", "Services\PeopleManagement\PeopleManagement.Infra\PeopleManagement.Infra.csproj", "{9164958A-09F4-4712-812B-7A6662381E92}"
EndProject
Project("{9A19103F-16F7-4668-BE54-9A1E7A4F7556}") = "PeopleManagement.Services", "Services\PeopleManagement\PeopleManagement.Services\PeopleManagement.Services.csproj", "{2AC79C6B-5640-46C6-AF87-78C448C07113}"
EndProject
Project("{2150E333-8FDC-42A3-9474-1A3956D46DE8}") = "1-Application", "1-Application", "{C975CCD4-6AE2-48BB-8489-0B28CBC49EB2}"
EndProject
Project("{2150E333-8FDC-42A3-9474-1A3956D46DE8}") = "2-Domain", "2-Domain", "{F70D125C-C3BC-4D0A-9C19-A9A2F92F2D03}"
EndProject
Project("{2150E333-8FDC-42A3-9474-1A3956D46DE8}") = "3-Services", "3-Services", "{76FDE637-8211-4F84-A49B-9E85C577D688}"
EndProject
Project("{2150E333-8FDC-42A3-9474-1A3956D46DE8}") = "4-Infra", "4-Infra", "{8E13A419-BEEB-4B3A-87F0-AE16E76EAC05}"
EndProject
Project("{2150E333-8FDC-42A3-9474-1A3956D46DE8}") = "5-Tests", "5-Tests", "{CA8E2EA3-CC64-4A14-BC29-A027E7E87B76}"
EndProject
Project("{9A19103F-16F7-4668-BE54-9A1E7A4F7556}") = "PeopleManagement.UnitTests", "Services\PeopleManagement\PeopleManagement.UnitTests\PeopleManagement.UnitTests.csproj", "{64D2683D-E977-4C4E-AF91-C0927ECB758C}"
EndProject
Project("{9A19103F-16F7-4668-BE54-9A1E7A4F7556}") = "PeopleManagement.IntegrationTests", "Services\PeopleManagement\PeopleManagement.IntegrationTests\PeopleManagement.IntegrationTests.csproj", "{F7EEB573-486F-47FA-83C5-F6E4D7FC4E7D}"
EndProject
Project("{2150E333-8FDC-42A3-9474-1A3956D46DE8}") = "TenantManagement", "TenantManagement", "{99AEBFE3-F97F-5923-1D4B-5F45E87AEAA1}"
EndProject
Project("{FAE04EC0-301F-11D3-BF4B-00C04F79EFBC}") = "TenantManagement.API", "Services\TenantManagement\TenantManagement.API\TenantManagement.API.csproj", "{8B7B9A2E-E00E-468C-B9A3-9ED23BBF0F6E}"
EndProject
Project("{FAE04EC0-301F-11D3-BF4B-00C04F79EFBC}") = "TenantManagement.Application", "Services\TenantManagement\TenantManagement.Application\TenantManagement.Application.csproj", "{16FF8A41-97D6-4E30-9E9C-C8B6B40EEF19}"
EndProject
Project("{FAE04EC0-301F-11D3-BF4B-00C04F79EFBC}") = "TenantManagement.Domain", "Services\TenantManagement\TenantManagement.Domain\TenantManagement.Domain.csproj", "{ACDAA766-B447-4C9B-B4FB-826E27A4FF23}"
EndProject
Project("{FAE04EC0-301F-11D3-BF4B-00C04F79EFBC}") = "TenantManagement.Infra", "Services\TenantManagement\TenantManagement.Infra\TenantManagement.Infra.csproj", "{7F3267EB-B40B-4611-9F8B-A6A71611F2DE}"
EndProject
Project("{FAE04EC0-301F-11D3-BF4B-00C04F79EFBC}") = "TenantManagement.UnitTests", "Services\TenantManagement\TenantManagement.UnitTests\TenantManagement.UnitTests.csproj", "{B1CF1282-9117-4A19-A8EB-39E68EC8004B}"
EndProject
Project("{FAE04EC0-301F-11D3-BF4B-00C04F79EFBC}") = "TenantManagement.IntegrationTests", "Services\TenantManagement\TenantManagement.IntegrationTests\TenantManagement.IntegrationTests.csproj", "{95266DE8-7721-4ACE-AFC8-238A54B0357C}"
EndProject
Project("{2150E333-8FDC-42A3-9474-1A3956D46DE8}") = "BillPayment", "BillPayment", "{EDB1D4FB-B80E-8361-9A4F-962BDA235CCB}"
EndProject
Project("{FAE04EC0-301F-11D3-BF4B-00C04F79EFBC}") = "BillPayment.API", "Services\BillPayment\BillPayment.API\BillPayment.API.csproj", "{AFCFC79B-4C3C-4189-ABB2-3D547F131284}"
EndProject
Project("{FAE04EC0-301F-11D3-BF4B-00C04F79EFBC}") = "BillPayment.Application", "Services\BillPayment\BillPayment.Application\BillPayment.Application.csproj", "{55365844-530F-4A68-B1A3-2944ACD85A4F}"
EndProject
Project("{FAE04EC0-301F-11D3-BF4B-00C04F79EFBC}") = "BillPayment.Domain", "Services\BillPayment\BillPayment.Domain\BillPayment.Domain.csproj", "{B2462A83-93AF-4AA8-B359-7BACC98F46CC}"
EndProject
Project("{FAE04EC0-301F-11D3-BF4B-00C04F79EFBC}") = "BillPayment.Infra", "Services\BillPayment\BillPayment.Infra\BillPayment.Infra.csproj", "{6BA46EAA-4EEB-4A8B-A11D-4E4FB6DE079C}"
EndProject
Project("{FAE04EC0-301F-11D3-BF4B-00C04F79EFBC}") = "BillPayment.UnitTests", "Services\BillPayment\BillPayment.UnitTests\BillPayment.UnitTests.csproj", "{671D8F8E-3023-48CE-AD60-593C0C4C8FD2}"
EndProject
Project("{FAE04EC0-301F-11D3-BF4B-00C04F79EFBC}") = "BillPayment.IntegrationTests", "Services\BillPayment\BillPayment.IntegrationTests\BillPayment.IntegrationTests.csproj", "{198CF3E9-CA53-4552-80E4-289739E845D6}"
EndProject
Global
	GlobalSection(SolutionConfigurationPlatforms) = preSolution
		Debug|Any CPU = Debug|Any CPU
		Debug|x64 = Debug|x64
		Debug|x86 = Debug|x86
		Release|Any CPU = Release|Any CPU
		Release|x64 = Release|x64
		Release|x86 = Release|x86
	EndGlobalSection
	GlobalSection(ProjectConfigurationPlatforms) = postSolution
		{2496FB78-1038-4943-85B7-ECDF0EA4ECA8}.Debug|Any CPU.ActiveCfg = Debug|Any CPU
		{2496FB78-1038-4943-85B7-ECDF0EA4ECA8}.Debug|Any CPU.Build.0 = Debug|Any CPU
		{2496FB78-1038-4943-85B7-ECDF0EA4ECA8}.Debug|x64.ActiveCfg = Debug|Any CPU
		{2496FB78-1038-4943-85B7-ECDF0EA4ECA8}.Debug|x64.Build.0 = Debug|Any CPU
		{2496FB78-1038-4943-85B7-ECDF0EA4ECA8}.Debug|x86.ActiveCfg = Debug|Any CPU
		{2496FB78-1038-4943-85B7-ECDF0EA4ECA8}.Debug|x86.Build.0 = Debug|Any CPU
		{2496FB78-1038-4943-85B7-ECDF0EA4ECA8}.Release|Any CPU.ActiveCfg = Release|Any CPU
		{2496FB78-1038-4943-85B7-ECDF0EA4ECA8}.Release|Any CPU.Build.0 = Release|Any CPU
		{2496FB78-1038-4943-85B7-ECDF0EA4ECA8}.Release|x64.ActiveCfg = Release|Any CPU
		{2496FB78-1038-4943-85B7-ECDF0EA4ECA8}.Release|x64.Build.0 = Release|Any CPU
		{2496FB78-1038-4943-85B7-ECDF0EA4ECA8}.Release|x86.ActiveCfg = Release|Any CPU
		{2496FB78-1038-4943-85B7-ECDF0EA4ECA8}.Release|x86.Build.0 = Release|Any CPU
		{03C02F5B-7BC0-4AA0-8661-7A28189DBCC0}.Debug|Any CPU.ActiveCfg = Debug|Any CPU
		{03C02F5B-7BC0-4AA0-8661-7A28189DBCC0}.Debug|Any CPU.Build.0 = Debug|Any CPU
		{03C02F5B-7BC0-4AA0-8661-7A28189DBCC0}.Debug|x64.ActiveCfg = Debug|x64
		{03C02F5B-7BC0-4AA0-8661-7A28189DBCC0}.Debug|x86.ActiveCfg = Debug|x86
		{03C02F5B-7BC0-4AA0-8661-7A28189DBCC0}.Release|Any CPU.ActiveCfg = Release|Any CPU
		{03C02F5B-7BC0-4AA0-8661-7A28189DBCC0}.Release|Any CPU.Build.0 = Release|Any CPU
		{03C02F5B-7BC0-4AA0-8661-7A28189DBCC0}.Release|x64.ActiveCfg = Release|x64
		{03C02F5B-7BC0-4AA0-8661-7A28189DBCC0}.Release|x86.ActiveCfg = Release|x86
		{D0B8D8EE-E089-4712-86EF-6EE78E947382}.Debug|Any CPU.ActiveCfg = Debug|Any CPU
		{D0B8D8EE-E089-4712-86EF-6EE78E947382}.Debug|Any CPU.Build.0 = Debug|Any CPU
		{D0B8D8EE-E089-4712-86EF-6EE78E947382}.Debug|x64.ActiveCfg = Debug|Any CPU
		{D0B8D8EE-E089-4712-86EF-6EE78E947382}.Debug|x64.Build.0 = Debug|Any CPU
		{D0B8D8EE-E089-4712-86EF-6EE78E947382}.Debug|x86.ActiveCfg = Debug|Any CPU
		{D0B8D8EE-E089-4712-86EF-6EE78E947382}.Debug|x86.Build.0 = Debug|Any CPU
		{D0B8D8EE-E089-4712-86EF-6EE78E947382}.Release|Any CPU.ActiveCfg = Release|Any CPU
		{D0B8D8EE-E089-4712-86EF-6EE78E947382}.Release|Any CPU.Build.0 = Release|Any CPU
		{D0B8D8EE-E089-4712-86EF-6EE78E947382}.Release|x64.ActiveCfg = Release|Any CPU
		{D0B8D8EE-E089-4712-86EF-6EE78E947382}.Release|x64.Build.0 = Release|Any CPU
		{D0B8D8EE-E089-4712-86EF-6EE78E947382}.Release|x86.ActiveCfg = Release|Any CPU
		{D0B8D8EE-E089-4712-86EF-6EE78E947382}.Release|x86.Build.0 = Release|Any CPU
		{6C41376A-6500-43B4-ABD7-990D35656722}.Debug|Any CPU.ActiveCfg = Debug|Any CPU
		{6C41376A-6500-43B4-ABD7-990D35656722}.Debug|Any CPU.Build.0 = Debug|Any CPU
		{6C41376A-6500-43B4-ABD7-990D35656722}.Debug|x64.ActiveCfg = Debug|Any CPU
		{6C41376A-6500-43B4-ABD7-990D35656722}.Debug|x64.Build.0 = Debug|Any CPU
		{6C41376A-6500-43B4-ABD7-990D35656722}.Debug|x86.ActiveCfg = Debug|Any CPU
		{6C41376A-6500-43B4-ABD7-990D35656722}.Debug|x86.Build.0 = Debug|Any CPU
		{6C41376A-6500-43B4-ABD7-990D35656722}.Release|Any CPU.ActiveCfg = Release|Any CPU
		{6C41376A-6500-43B4-ABD7-990D35656722}.Release|Any CPU.Build.0 = Release|Any CPU
		{6C41376A-6500-43B4-ABD7-990D35656722}.Release|x64.ActiveCfg = Release|Any CPU
		{6C41376A-6500-43B4-ABD7-990D35656722}.Release|x64.Build.0 = Release|Any CPU
		{6C41376A-6500-43B4-ABD7-990D35656722}.Release|x86.ActiveCfg = Release|Any CPU
		{6C41376A-6500-43B4-ABD7-990D35656722}.Release|x86.Build.0 = Release|Any CPU
		{9164958A-09F4-4712-812B-7A6662381E92}.Debug|Any CPU.ActiveCfg = Debug|Any CPU
		{9164958A-09F4-4712-812B-7A6662381E92}.Debug|Any CPU.Build.0 = Debug|Any CPU
		{9164958A-09F4-4712-812B-7A6662381E92}.Debug|x64.ActiveCfg = Debug|Any CPU
		{9164958A-09F4-4712-812B-7A6662381E92}.Debug|x64.Build.0 = Debug|Any CPU
		{9164958A-09F4-4712-812B-7A6662381E92}.Debug|x86.ActiveCfg = Debug|Any CPU
		{9164958A-09F4-4712-812B-7A6662381E92}.Debug|x86.Build.0 = Debug|Any CPU
		{9164958A-09F4-4712-812B-7A6662381E92}.Release|Any CPU.ActiveCfg = Release|Any CPU
		{9164958A-09F4-4712-812B-7A6662381E92}.Release|Any CPU.Build.0 = Release|Any CPU
		{9164958A-09F4-4712-812B-7A6662381E92}.Release|x64.ActiveCfg = Release|Any CPU
		{9164958A-09F4-4712-812B-7A6662381E92}.Release|x64.Build.0 = Release|Any CPU
		{9164958A-09F4-4712-812B-7A6662381E92}.Release|x86.ActiveCfg = Release|Any CPU
		{9164958A-09F4-4712-812B-7A6662381E92}.Release|x86.Build.0 = Release|Any CPU
		{2AC79C6B-5640-46C6-AF87-78C448C07113}.Debug|Any CPU.ActiveCfg = Debug|Any CPU
		{2AC79C6B-5640-46C6-AF87-78C448C07113}.Debug|Any CPU.Build.0 = Debug|Any CPU
		{2AC79C6B-5640-46C6-AF87-78C448C07113}.Debug|x64.ActiveCfg = Debug|Any CPU
		{2AC79C6B-5640-46C6-AF87-78C448C07113}.Debug|x64.Build.0 = Debug|Any CPU
		{2AC79C6B-5640-46C6-AF87-78C448C07113}.Debug|x86.ActiveCfg = Debug|Any CPU
		{2AC79C6B-5640-46C6-AF87-78C448C07113}.Debug|x86.Build.0 = Debug|Any CPU
		{2AC79C6B-5640-46C6-AF87-78C448C07113}.Release|Any CPU.ActiveCfg = Release|Any CPU
		{2AC79C6B-5640-46C6-AF87-78C448C07113}.Release|Any CPU.Build.0 = Release|Any CPU
		{2AC79C6B-5640-46C6-AF87-78C448C07113}.Release|x64.ActiveCfg = Release|Any CPU
		{2AC79C6B-5640-46C6-AF87-78C448C07113}.Release|x64.Build.0 = Release|Any CPU
		{2AC79C6B-5640-46C6-AF87-78C448C07113}.Release|x86.ActiveCfg = Release|Any CPU
		{2AC79C6B-5640-46C6-AF87-78C448C07113}.Release|x86.Build.0 = Release|Any CPU
		{64D2683D-E977-4C4E-AF91-C0927ECB758C}.Debug|Any CPU.ActiveCfg = Debug|Any CPU
		{64D2683D-E977-4C4E-AF91-C0927ECB758C}.Debug|Any CPU.Build.0 = Debug|Any CPU
		{64D2683D-E977-4C4E-AF91-C0927ECB758C}.Debug|x64.ActiveCfg = Debug|Any CPU
		{64D2683D-E977-4C4E-AF91-C0927ECB758C}.Debug|x64.Build.0 = Debug|Any CPU
		{64D2683D-E977-4C4E-AF91-C0927ECB758C}.Debug|x86.ActiveCfg = Debug|Any CPU
		{64D2683D-E977-4C4E-AF91-C0927ECB758C}.Debug|x86.Build.0 = Debug|Any CPU
		{64D2683D-E977-4C4E-AF91-C0927ECB758C}.Release|Any CPU.ActiveCfg = Release|Any CPU
		{64D2683D-E977-4C4E-AF91-C0927ECB758C}.Release|Any CPU.Build.0 = Release|Any CPU
		{64D2683D-E977-4C4E-AF91-C0927ECB758C}.Release|x64.ActiveCfg = Release|Any CPU
		{64D2683D-E977-4C4E-AF91-C0927ECB758C}.Release|x64.Build.0 = Release|Any CPU
		{64D2683D-E977-4C4E-AF91-C0927ECB758C}.Release|x86.ActiveCfg = Release|Any CPU
		{64D2683D-E977-4C4E-AF91-C0927ECB758C}.Release|x86.Build.0 = Release|Any CPU
		{F7EEB573-486F-47FA-83C5-F6E4D7FC4E7D}.Debug|Any CPU.ActiveCfg = Debug|Any CPU
		{F7EEB573-486F-47FA-83C5-F6E4D7FC4E7D}.Debug|Any CPU.Build.0 = Debug|Any CPU
		{F7EEB573-486F-47FA-83C5-F6E4D7FC4E7D}.Debug|x64.ActiveCfg = Debug|Any CPU
		{F7EEB573-486F-47FA-83C5-F6E4D7FC4E7D}.Debug|x64.Build.0 = Debug|Any CPU
		{F7EEB573-486F-47FA-83C5-F6E4D7FC4E7D}.Debug|x86.ActiveCfg = Debug|Any CPU
		{F7EEB573-486F-47FA-83C5-F6E4D7FC4E7D}.Debug|x86.Build.0 = Debug|Any CPU
		{F7EEB573-486F-47FA-83C5-F6E4D7FC4E7D}.Release|Any CPU.ActiveCfg = Release|Any CPU
		{F7EEB573-486F-47FA-83C5-F6E4D7FC4E7D}.Release|Any CPU.Build.0 = Release|Any CPU
		{F7EEB573-486F-47FA-83C5-F6E4D7FC4E7D}.Release|x64.ActiveCfg = Release|Any CPU
		{F7EEB573-486F-47FA-83C5-F6E4D7FC4E7D}.Release|x64.Build.0 = Release|Any CPU
		{F7EEB573-486F-47FA-83C5-F6E4D7FC4E7D}.Release|x86.ActiveCfg = Release|Any CPU
		{F7EEB573-486F-47FA-83C5-F6E4D7FC4E7D}.Release|x86.Build.0 = Release|Any CPU
		{8B7B9A2E-E00E-468C-B9A3-9ED23BBF0F6E}.Debug|Any CPU.ActiveCfg = Debug|Any CPU
		{8B7B9A2E-E00E-468C-B9A3-9ED23BBF0F6E}.Debug|Any CPU.Build.0 = Debug|Any CPU
		{8B7B9A2E-E00E-468C-B9A3-9ED23BBF0F6E}.Debug|x64.ActiveCfg = Debug|Any CPU
		{8B7B9A2E-E00E-468C-B9A3-9ED23BBF0F6E}.Debug|x64.Build.0 = Debug|Any CPU
		{8B7B9A2E-E00E-468C-B9A3-9ED23BBF0F6E}.Debug|x86.ActiveCfg = Debug|Any CPU
		{8B7B9A2E-E00E-468C-B9A3-9ED23BBF0F6E}.Debug|x86.Build.0 = Debug|Any CPU
		{8B7B9A2E-E00E-468C-B9A3-9ED23BBF0F6E}.Release|Any CPU.ActiveCfg = Release|Any CPU
		{8B7B9A2E-E00E-468C-B9A3-9ED23BBF0F6E}.Release|Any CPU.Build.0 = Release|Any CPU
		{8B7B9A2E-E00E-468C-B9A3-9ED23BBF0F6E}.Release|x64.ActiveCfg = Release|Any CPU
		{8B7B9A2E-E00E-468C-B9A3-9ED23BBF0F6E}.Release|x64.Build.0 = Release|Any CPU
		{8B7B9A2E-E00E-468C-B9A3-9ED23BBF0F6E}.Release|x86.ActiveCfg = Release|Any CPU
		{8B7B9A2E-E00E-468C-B9A3-9ED23BBF0F6E}.Release|x86.Build.0 = Release|Any CPU
		{16FF8A41-97D6-4E30-9E9C-C8B6B40EEF19}.Debug|Any CPU.ActiveCfg = Debug|Any CPU
		{16FF8A41-97D6-4E30-9E9C-C8B6B40EEF19}.Debug|Any CPU.Build.0 = Debug|Any CPU
		{16FF8A41-97D6-4E30-9E9C-C8B6B40EEF19}.Debug|x64.ActiveCfg = Debug|Any CPU
		{16FF8A41-97D6-4E30-9E9C-C8B6B40EEF19}.Debug|x64.Build.0 = Debug|Any CPU
		{16FF8A41-97D6-4E30-9E9C-C8B6B40EEF19}.Debug|x86.ActiveCfg = Debug|Any CPU
		{16FF8A41-97D6-4E30-9E9C-C8B6B40EEF19}.Debug|x86.Build.0 = Debug|Any CPU
		{16FF8A41-97D6-4E30-9E9C-C8B6B40EEF19}.Release|Any CPU.ActiveCfg = Release|Any CPU
		{16FF8A41-97D6-4E30-9E9C-C8B6B40EEF19}.Release|Any CPU.Build.0 = Release|Any CPU
		{16FF8A41-97D6-4E30-9E9C-C8B6B40EEF19}.Release|x64.ActiveCfg = Release|Any CPU
		{16FF8A41-97D6-4E30-9E9C-C8B6B40EEF19}.Release|x64.Build.0 = Release|Any CPU
		{16FF8A41-97D6-4E30-9E9C-C8B6B40EEF19}.Release|x86.ActiveCfg = Release|Any CPU
		{16FF8A41-97D6-4E30-9E9C-C8B6B40EEF19}.Release|x86.Build.0 = Release|Any CPU
		{ACDAA766-B447-4C9B-B4FB-826E27A4FF23}.Debug|Any CPU.ActiveCfg = Debug|Any CPU
		{ACDAA766-B447-4C9B-B4FB-826E27A4FF23}.Debug|Any CPU.Build.0 = Debug|Any CPU
		{ACDAA766-B447-4C9B-B4FB-826E27A4FF23}.Debug|x64.ActiveCfg = Debug|Any CPU
		{ACDAA766-B447-4C9B-B4FB-826E27A4FF23}.Debug|x64.Build.0 = Debug|Any CPU
		{ACDAA766-B447-4C9B-B4FB-826E27A4FF23}.Debug|x86.ActiveCfg = Debug|Any CPU
		{ACDAA766-B447-4C9B-B4FB-826E27A4FF23}.Debug|x86.Build.0 = Debug|Any CPU
		{ACDAA766-B447-4C9B-B4FB-826E27A4FF23}.Release|Any CPU.ActiveCfg = Release|Any CPU
		{ACDAA766-B447-4C9B-B4FB-826E27A4FF23}.Release|Any CPU.Build.0 = Release|Any CPU
		{ACDAA766-B447-4C9B-B4FB-826E27A4FF23}.Release|x64.ActiveCfg = Release|Any CPU
		{ACDAA766-B447-4C9B-B4FB-826E27A4FF23}.Release|x64.Build.0 = Release|Any CPU
		{ACDAA766-B447-4C9B-B4FB-826E27A4FF23}.Release|x86.ActiveCfg = Release|Any CPU
		{ACDAA766-B447-4C9B-B4FB-826E27A4FF23}.Release|x86.Build.0 = Release|Any CPU
		{7F3267EB-B40B-4611-9F8B-A6A71611F2DE}.Debug|Any CPU.ActiveCfg = Debug|Any CPU
		{7F3267EB-B40B-4611-9F8B-A6A71611F2DE}.Debug|Any CPU.Build.0 = Debug|Any CPU
		{7F3267EB-B40B-4611-9F8B-A6A71611F2DE}.Debug|x64.ActiveCfg = Debug|Any CPU
		{7F3267EB-B40B-4611-9F8B-A6A71611F2DE}.Debug|x64.Build.0 = Debug|Any CPU
		{7F3267EB-B40B-4611-9F8B-A6A71611F2DE}.Debug|x86.ActiveCfg = Debug|Any CPU
		{7F3267EB-B40B-4611-9F8B-A6A71611F2DE}.Debug|x86.Build.0 = Debug|Any CPU
		{7F3267EB-B40B-4611-9F8B-A6A71611F2DE}.Release|Any CPU.ActiveCfg = Release|Any CPU
		{7F3267EB-B40B-4611-9F8B-A6A71611F2DE}.Release|Any CPU.Build.0 = Release|Any CPU
		{7F3267EB-B40B-4611-9F8B-A6A71611F2DE}.Release|x64.ActiveCfg = Release|Any CPU
		{7F3267EB-B40B-4611-9F8B-A6A71611F2DE}.Release|x64.Build.0 = Release|Any CPU
		{7F3267EB-B40B-4611-9F8B-A6A71611F2DE}.Release|x86.ActiveCfg = Release|Any CPU
		{7F3267EB-B40B-4611-9F8B-A6A71611F2DE}.Release|x86.Build.0 = Release|Any CPU
		{B1CF1282-9117-4A19-A8EB-39E68EC8004B}.Debug|Any CPU.ActiveCfg = Debug|Any CPU
		{B1CF1282-9117-4A19-A8EB-39E68EC8004B}.Debug|Any CPU.Build.0 = Debug|Any CPU
		{B1CF1282-9117-4A19-A8EB-39E68EC8004B}.Debug|x64.ActiveCfg = Debug|Any CPU
		{B1CF1282-9117-4A19-A8EB-39E68EC8004B}.Debug|x64.Build.0 = Debug|Any CPU
		{B1CF1282-9117-4A19-A8EB-39E68EC8004B}.Debug|x86.ActiveCfg = Debug|Any CPU
		{B1CF1282-9117-4A19-A8EB-39E68EC8004B}.Debug|x86.Build.0 = Debug|Any CPU
		{B1CF1282-9117-4A19-A8EB-39E68EC8004B}.Release|Any CPU.ActiveCfg = Release|Any CPU
		{B1CF1282-9117-4A19-A8EB-39E68EC8004B}.Release|Any CPU.Build.0 = Release|Any CPU
		{B1CF1282-9117-4A19-A8EB-39E68EC8004B}.Release|x64.ActiveCfg = Release|Any CPU
		{B1CF1282-9117-4A19-A8EB-39E68EC8004B}.Release|x64.Build.0 = Release|Any CPU
		{B1CF1282-9117-4A19-A8EB-39E68EC8004B}.Release|x86.ActiveCfg = Release|Any CPU
		{B1CF1282-9117-4A19-A8EB-39E68EC8004B}.Release|x86.Build.0 = Release|Any CPU
		{95266DE8-7721-4ACE-AFC8-238A54B0357C}.Debug|Any CPU.ActiveCfg = Debug|Any CPU
		{95266DE8-7721-4ACE-AFC8-238A54B0357C}.Debug|Any CPU.Build.0 = Debug|Any CPU
		{95266DE8-7721-4ACE-AFC8-238A54B0357C}.Debug|x64.ActiveCfg = Debug|Any CPU
		{95266DE8-7721-4ACE-AFC8-238A54B0357C}.Debug|x64.Build.0 = Debug|Any CPU
		{95266DE8-7721-4ACE-AFC8-238A54B0357C}.Debug|x86.ActiveCfg = Debug|Any CPU
		{95266DE8-7721-4ACE-AFC8-238A54B0357C}.Debug|x86.Build.0 = Debug|Any CPU
		{95266DE8-7721-4ACE-AFC8-238A54B0357C}.Release|Any CPU.ActiveCfg = Release|Any CPU
		{95266DE8-7721-4ACE-AFC8-238A54B0357C}.Release|Any CPU.Build.0 = Release|Any CPU
		{95266DE8-7721-4ACE-AFC8-238A54B0357C}.Release|x64.ActiveCfg = Release|Any CPU
		{95266DE8-7721-4ACE-AFC8-238A54B0357C}.Release|x64.Build.0 = Release|Any CPU
		{95266DE8-7721-4ACE-AFC8-238A54B0357C}.Release|x86.ActiveCfg = Release|Any CPU
		{95266DE8-7721-4ACE-AFC8-238A54B0357C}.Release|x86.Build.0 = Release|Any CPU
		{AFCFC79B-4C3C-4189-ABB2-3D547F131284}.Debug|Any CPU.ActiveCfg = Debug|Any CPU
		{AFCFC79B-4C3C-4189-ABB2-3D547F131284}.Debug|Any CPU.Build.0 = Debug|Any CPU
		{AFCFC79B-4C3C-4189-ABB2-3D547F131284}.Debug|x64.ActiveCfg = Debug|Any CPU
		{AFCFC79B-4C3C-4189-ABB2-3D547F131284}.Debug|x64.Build.0 = Debug|Any CPU
		{AFCFC79B-4C3C-4189-ABB2-3D547F131284}.Debug|x86.ActiveCfg = Debug|Any CPU
		{AFCFC79B-4C3C-4189-ABB2-3D547F131284}.Debug|x86.Build.0 = Debug|Any CPU
		{AFCFC79B-4C3C-4189-ABB2-3D547F131284}.Release|Any CPU.ActiveCfg = Release|Any CPU
		{AFCFC79B-4C3C-4189-ABB2-3D547F131284}.Release|Any CPU.Build.0 = Release|Any CPU
		{AFCFC79B-4C3C-4189-ABB2-3D547F131284}.Release|x64.ActiveCfg = Release|Any CPU
		{AFCFC79B-4C3C-4189-ABB2-3D547F131284}.Release|x64.Build.0 = Release|Any CPU
		{AFCFC79B-4C3C-4189-ABB2-3D547F131284}.Release|x86.ActiveCfg = Release|Any CPU
		{AFCFC79B-4C3C-4189-ABB2-3D547F131284}.Release|x86.Build.0 = Release|Any CPU
		{55365844-530F-4A68-B1A3-2944ACD85A4F}.Debug|Any CPU.ActiveCfg = Debug|Any CPU
		{55365844-530F-4A68-B1A3-2944ACD85A4F}.Debug|Any CPU.Build.0 = Debug|Any CPU
		{55365844-530F-4A68-B1A3-2944ACD85A4F}.Debug|x64.ActiveCfg = Debug|Any CPU
		{55365844-530F-4A68-B1A3-2944ACD85A4F}.Debug|x64.Build.0 = Debug|Any CPU
		{55365844-530F-4A68-B1A3-2944ACD85A4F}.Debug|x86.ActiveCfg = Debug|Any CPU
		{55365844-530F-4A68-B1A3-2944ACD85A4F}.Debug|x86.Build.0 = Debug|Any CPU
		{55365844-530F-4A68-B1A3-2944ACD85A4F}.Release|Any CPU.ActiveCfg = Release|Any CPU
		{55365844-530F-4A68-B1A3-2944ACD85A4F}.Release|Any CPU.Build.0 = Release|Any CPU
		{55365844-530F-4A68-B1A3-2944ACD85A4F}.Release|x64.ActiveCfg = Release|Any CPU
		{55365844-530F-4A68-B1A3-2944ACD85A4F}.Release|x64.Build.0 = Release|Any CPU
		{55365844-530F-4A68-B1A3-2944ACD85A4F}.Release|x86.ActiveCfg = Release|Any CPU
		{55365844-530F-4A68-B1A3-2944ACD85A4F}.Release|x86.Build.0 = Release|Any CPU
		{B2462A83-93AF-4AA8-B359-7BACC98F46CC}.Debug|Any CPU.ActiveCfg = Debug|Any CPU
		{B2462A83-93AF-4AA8-B359-7BACC98F46CC}.Debug|Any CPU.Build.0 = Debug|Any CPU
		{B2462A83-93AF-4AA8-B359-7BACC98F46CC}.Debug|x64.ActiveCfg = Debug|Any CPU
		{B2462A83-93AF-4AA8-B359-7BACC98F46CC}.Debug|x64.Build.0 = Debug|Any CPU
		{B2462A83-93AF-4AA8-B359-7BACC98F46CC}.Debug|x86.ActiveCfg = Debug|Any CPU
		{B2462A83-93AF-4AA8-B359-7BACC98F46CC}.Debug|x86.Build.0 = Debug|Any CPU
		{B2462A83-93AF-4AA8-B359-7BACC98F46CC}.Release|Any CPU.ActiveCfg = Release|Any CPU
		{B2462A83-93AF-4AA8-B359-7BACC98F46CC}.Release|Any CPU.Build.0 = Release|Any CPU
		{B2462A83-93AF-4AA8-B359-7BACC98F46CC}.Release|x64.ActiveCfg = Release|Any CPU
		{B2462A83-93AF-4AA8-B359-7BACC98F46CC}.Release|x64.Build.0 = Release|Any CPU
		{B2462A83-93AF-4AA8-B359-7BACC98F46CC}.Release|x86.ActiveCfg = Release|Any CPU
		{B2462A83-93AF-4AA8-B359-7BACC98F46CC}.Release|x86.Build.0 = Release|Any CPU
		{6BA46EAA-4EEB-4A8B-A11D-4E4FB6DE079C}.Debug|Any CPU.ActiveCfg = Debug|Any CPU
		{6BA46EAA-4EEB-4A8B-A11D-4E4FB6DE079C}.Debug|Any CPU.Build.0 = Debug|Any CPU
		{6BA46EAA-4EEB-4A8B-A11D-4E4FB6DE079C}.Debug|x64.ActiveCfg = Debug|Any CPU
		{6BA46EAA-4EEB-4A8B-A11D-4E4FB6DE079C}.Debug|x64.Build.0 = Debug|Any CPU
		{6BA46EAA-4EEB-4A8B-A11D-4E4FB6DE079C}.Debug|x86.ActiveCfg = Debug|Any CPU
		{6BA46EAA-4EEB-4A8B-A11D-4E4FB6DE079C}.Debug|x86.Build.0 = Debug|Any CPU
		{6BA46EAA-4EEB-4A8B-A11D-4E4FB6DE079C}.Release|Any CPU.ActiveCfg = Release|Any CPU
		{6BA46EAA-4EEB-4A8B-A11D-4E4FB6DE079C}.Release|Any CPU.Build.0 = Release|Any CPU
		{6BA46EAA-4EEB-4A8B-A11D-4E4FB6DE079C}.Release|x64.ActiveCfg = Release|Any CPU
		{6BA46EAA-4EEB-4A8B-A11D-4E4FB6DE079C}.Release|x64.Build.0 = Release|Any CPU
		{6BA46EAA-4EEB-4A8B-A11D-4E4FB6DE079C}.Release|x86.ActiveCfg = Release|Any CPU
		{6BA46EAA-4EEB-4A8B-A11D-4E4FB6DE079C}.Release|x86.Build.0 = Release|Any CPU
		{671D8F8E-3023-48CE-AD60-593C0C4C8FD2}.Debug|Any CPU.ActiveCfg = Debug|Any CPU
		{671D8F8E-3023-48CE-AD60-593C0C4C8FD2}.Debug|Any CPU.Build.0 = Debug|Any CPU
		{671D8F8E-3023-48CE-AD60-593C0C4C8FD2}.Debug|x64.ActiveCfg = Debug|Any CPU
		{671D8F8E-3023-48CE-AD60-593C0C4C8FD2}.Debug|x64.Build.0 = Debug|Any CPU
		{671D8F8E-3023-48CE-AD60-593C0C4C8FD2}.Debug|x86.ActiveCfg = Debug|Any CPU
		{671D8F8E-3023-48CE-AD60-593C0C4C8FD2}.Debug|x86.Build.0 = Debug|Any CPU
		{671D8F8E-3023-48CE-AD60-593C0C4C8FD2}.Release|Any CPU.ActiveCfg = Release|Any CPU
		{671D8F8E-3023-48CE-AD60-593C0C4C8FD2}.Release|Any CPU.Build.0 = Release|Any CPU
		{671D8F8E-3023-48CE-AD60-593C0C4C8FD2}.Release|x64.ActiveCfg = Release|Any CPU
		{671D8F8E-3023-48CE-AD60-593C0C4C8FD2}.Release|x64.Build.0 = Release|Any CPU
		{671D8F8E-3023-48CE-AD60-593C0C4C8FD2}.Release|x86.ActiveCfg = Release|Any CPU
		{671D8F8E-3023-48CE-AD60-593C0C4C8FD2}.Release|x86.Build.0 = Release|Any CPU
		{198CF3E9-CA53-4552-80E4-289739E845D6}.Debug|Any CPU.ActiveCfg = Debug|Any CPU
		{198CF3E9-CA53-4552-80E4-289739E845D6}.Debug|Any CPU.Build.0 = Debug|Any CPU
		{198CF3E9-CA53-4552-80E4-289739E845D6}.Debug|x64.ActiveCfg = Debug|Any CPU
		{198CF3E9-CA53-4552-80E4-289739E845D6}.Debug|x64.Build.0 = Debug|Any CPU
		{198CF3E9-CA53-4552-80E4-289739E845D6}.Debug|x86.ActiveCfg = Debug|Any CPU
		{198CF3E9-CA53-4552-80E4-289739E845D6}.Debug|x86.Build.0 = Debug|Any CPU
		{198CF3E9-CA53-4552-80E4-289739E845D6}.Release|Any CPU.ActiveCfg = Release|Any CPU
		{198CF3E9-CA53-4552-80E4-289739E845D6}.Release|Any CPU.Build.0 = Release|Any CPU
		{198CF3E9-CA53-4552-80E4-289739E845D6}.Release|x64.ActiveCfg = Release|Any CPU
		{198CF3E9-CA53-4552-80E4-289739E845D6}.Release|x64.Build.0 = Release|Any CPU
		{198CF3E9-CA53-4552-80E4-289739E845D6}.Release|x86.ActiveCfg = Release|Any CPU
		{198CF3E9-CA53-4552-80E4-289739E845D6}.Release|x86.Build.0 = Release|Any CPU
	EndGlobalSection
	GlobalSection(SolutionProperties) = preSolution
		HideSolutionNode = FALSE
	EndGlobalSection
	GlobalSection(NestedProjects) = preSolution
		{7F74AC7B-07A6-4636-A266-AB0C423C18B6} = {D69D5AE2-B8F1-481C-B4A7-64A34E4266D5}
		{2496FB78-1038-4943-85B7-ECDF0EA4ECA8} = {C975CCD4-6AE2-48BB-8489-0B28CBC49EB2}
		{D0B8D8EE-E089-4712-86EF-6EE78E947382} = {F70D125C-C3BC-4D0A-9C19-A9A2F92F2D03}
		{6C41376A-6500-43B4-ABD7-990D35656722} = {C975CCD4-6AE2-48BB-8489-0B28CBC49EB2}
		{9164958A-09F4-4712-812B-7A6662381E92} = {8E13A419-BEEB-4B3A-87F0-AE16E76EAC05}
		{2AC79C6B-5640-46C6-AF87-78C448C07113} = {76FDE637-8211-4F84-A49B-9E85C577D688}
		{C975CCD4-6AE2-48BB-8489-0B28CBC49EB2} = {7F74AC7B-07A6-4636-A266-AB0C423C18B6}
		{F70D125C-C3BC-4D0A-9C19-A9A2F92F2D03} = {7F74AC7B-07A6-4636-A266-AB0C423C18B6}
		{76FDE637-8211-4F84-A49B-9E85C577D688} = {7F74AC7B-07A6-4636-A266-AB0C423C18B6}
		{8E13A419-BEEB-4B3A-87F0-AE16E76EAC05} = {7F74AC7B-07A6-4636-A266-AB0C423C18B6}
		{CA8E2EA3-CC64-4A14-BC29-A027E7E87B76} = {7F74AC7B-07A6-4636-A266-AB0C423C18B6}
		{64D2683D-E977-4C4E-AF91-C0927ECB758C} = {CA8E2EA3-CC64-4A14-BC29-A027E7E87B76}
		{F7EEB573-486F-47FA-83C5-F6E4D7FC4E7D} = {CA8E2EA3-CC64-4A14-BC29-A027E7E87B76}
		{99AEBFE3-F97F-5923-1D4B-5F45E87AEAA1} = {D69D5AE2-B8F1-481C-B4A7-64A34E4266D5}
		{8B7B9A2E-E00E-468C-B9A3-9ED23BBF0F6E} = {99AEBFE3-F97F-5923-1D4B-5F45E87AEAA1}
		{16FF8A41-97D6-4E30-9E9C-C8B6B40EEF19} = {99AEBFE3-F97F-5923-1D4B-5F45E87AEAA1}
		{ACDAA766-B447-4C9B-B4FB-826E27A4FF23} = {99AEBFE3-F97F-5923-1D4B-5F45E87AEAA1}
		{7F3267EB-B40B-4611-9F8B-A6A71611F2DE} = {99AEBFE3-F97F-5923-1D4B-5F45E87AEAA1}
		{B1CF1282-9117-4A19-A8EB-39E68EC8004B} = {99AEBFE3-F97F-5923-1D4B-5F45E87AEAA1}
		{95266DE8-7721-4ACE-AFC8-238A54B0357C} = {99AEBFE3-F97F-5923-1D4B-5F45E87AEAA1}
		{EDB1D4FB-B80E-8361-9A4F-962BDA235CCB} = {D69D5AE2-B8F1-481C-B4A7-64A34E4266D5}
		{AFCFC79B-4C3C-4189-ABB2-3D547F131284} = {EDB1D4FB-B80E-8361-9A4F-962BDA235CCB}
		{55365844-530F-4A68-B1A3-2944ACD85A4F} = {EDB1D4FB-B80E-8361-9A4F-962BDA235CCB}
		{B2462A83-93AF-4AA8-B359-7BACC98F46CC} = {EDB1D4FB-B80E-8361-9A4F-962BDA235CCB}
		{6BA46EAA-4EEB-4A8B-A11D-4E4FB6DE079C} = {EDB1D4FB-B80E-8361-9A4F-962BDA235CCB}
		{671D8F8E-3023-48CE-AD60-593C0C4C8FD2} = {EDB1D4FB-B80E-8361-9A4F-962BDA235CCB}
		{198CF3E9-CA53-4552-80E4-289739E845D6} = {EDB1D4FB-B80E-8361-9A4F-962BDA235CCB}
	EndGlobalSection
	GlobalSection(ExtensibilityGlobals) = postSolution
		SolutionGuid = {E18991AE-7E06-48F5-A6A0-43CA060A6166}
	EndGlobalSection
EndGlobal
