Microsoft Visual Studio Solution File, Format Version 12.00
# Visual Studio Version 17
VisualStudioVersion = 17.0.31903.59
MinimumVisualStudioVersion = 10.0.40219.1
Project("{2150E333-8FDC-42A3-9474-1A3956D46DE8}") = "Services", "Services", "{D69D5AE2-B8F1-481C-B4A7-64A34E4266D5}"
EndProject
Project("{2150E333-8FDC-42A3-9474-1A3956D46DE8}") = "PeopleManagement", "PeopleManagement", "{7F74AC7B-07A6-4636-A266-AB0C423C18B6}"
EndProject
Project("{9A19103F-16F7-4668-BE54-9A1E7A4F7556}") = "PeopleManagement.API", "Services\PeopleManagement\PeopleManagement.API\PeopleManagement.API.csproj", "{2496FB78-1038-4943-85B7-ECDF0EA4ECA8}"
EndProject
Project("{E53339B2-1760-4266-BCC7-CA923CBCF16C}") = "docker-compose", "docker-compose.dcproj", "{03C02F5B-7BC0-4AA0-8661-7A28189DBCC0}"
EndProject
Project("{9A19103F-16F7-4668-BE54-9A1E7A4F7556}") = "PeopleManagement.Domain", "Services\PeopleManagement\PeopleManagement.Domain\PeopleManagement.Domain.csproj", "{D0B8D8EE-E089-4712-86EF-6EE78E947382}"
EndProject
Project("{9A19103F-16F7-4668-BE54-9A1E7A4F7556}") = "PeopleManagement.Application", "Services\PeopleManagement\PeopleManagement.Application\PeopleManagement.Application.csproj", "{6C41376A-6500-43B4-ABD7-990D35656722}"
EndProject
Project("{9A19103F-16F7-4668-BE54-9A1E7A4F7556}") = "PeopleManagement.Infra", "Services\PeopleManagement\PeopleManagement.Infra\PeopleManagement.Infra.csproj", "{9164958A-09F4-4712-812B-7A6662381E92}"
EndProject
Project("{9A19103F-16F7-4668-BE54-9A1E7A4F7556}") = "PeopleManagement.Services", "Services\PeopleManagement\PeopleManagement.Services\PeopleManagement.Services.csproj", "{2AC79C6B-5640-46C6-AF87-78C448C07113}"
EndProject
Project("{2150E333-8FDC-42A3-9474-1A3956D46DE8}") = "1-Application", "1-Application", "{C975CCD4-6AE2-48BB-8489-0B28CBC49EB2}"
EndProject
Project("{2150E333-8FDC-42A3-9474-1A3956D46DE8}") = "2-Domain", "2-Domain", "{F70D125C-C3BC-4D0A-9C19-A9A2F92F2D03}"
EndProject
Project("{2150E333-8FDC-42A3-9474-1A3956D46DE8}") = "3-Services", "3-Services", "{76FDE637-8211-4F84-A49B-9E85C577D688}"
EndProject
Project("{2150E333-8FDC-42A3-9474-1A3956D46DE8}") = "4-Infra", "4-Infra", "{8E13A419-BEEB-4B3A-87F0-AE16E76EAC05}"
EndProject
Project("{2150E333-8FDC-42A3-9474-1A3956D46DE8}") = "5-Tests", "5-Tests", "{CA8E2EA3-CC64-4A14-BC29-A027E7E87B76}"
EndProject
Project("{9A19103F-16F7-4668-BE54-9A1E7A4F7556}") = "PeopleManagement.UnitTests", "Services\PeopleManagement\PeopleManagement.UnitTests\PeopleManagement.UnitTests.csproj", "{64D2683D-E977-4C4E-AF91-C0927ECB758C}"
EndProject
Project("{9A19103F-16F7-4668-BE54-9A1E7A4F7556}") = "PeopleManagement.IntegrationTests", "Services\PeopleManagement\PeopleManagement.IntegrationTests\PeopleManagement.IntegrationTests.csproj", "{F7EEB573-486F-47FA-83C5-F6E4D7FC4E7D}"
EndProject
Global
	GlobalSection(SolutionConfigurationPlatforms) = preSolution
		Debug|Any CPU = Debug|Any CPU
		Release|Any CPU = Release|Any CPU
	EndGlobalSection
	GlobalSection(ProjectConfigurationPlatforms) = postSolution
		{2496FB78-1038-4943-85B7-ECDF0EA4ECA8}.Debug|Any CPU.ActiveCfg = Debug|Any CPU
		{2496FB78-1038-4943-85B7-ECDF0EA4ECA8}.Debug|Any CPU.Build.0 = Debug|Any CPU
		{2496FB78-1038-4943-85B7-ECDF0EA4ECA8}.Release|Any CPU.ActiveCfg = Release|Any CPU
		{2496FB78-1038-4943-85B7-ECDF0EA4ECA8}.Release|Any CPU.Build.0 = Release|Any CPU
		{03C02F5B-7BC0-4AA0-8661-7A28189DBCC0}.Debug|Any CPU.ActiveCfg = Debug|Any CPU
		{03C02F5B-7BC0-4AA0-8661-7A28189DBCC0}.Debug|Any CPU.Build.0 = Debug|Any CPU
		{03C02F5B-7BC0-4AA0-8661-7A28189DBCC0}.Release|Any CPU.ActiveCfg = Release|Any CPU
		{03C02F5B-7BC0-4AA0-8661-7A28189DBCC0}.Release|Any CPU.Build.0 = Release|Any CPU
		{D0B8D8EE-E089-4712-86EF-6EE78E947382}.Debug|Any CPU.ActiveCfg = Debug|Any CPU
		{D0B8D8EE-E089-4712-86EF-6EE78E947382}.Debug|Any CPU.Build.0 = Debug|Any CPU
		{D0B8D8EE-E089-4712-86EF-6EE78E947382}.Release|Any CPU.ActiveCfg = Release|Any CPU
		{D0B8D8EE-E089-4712-86EF-6EE78E947382}.Release|Any CPU.Build.0 = Release|Any CPU
		{6C41376A-6500-43B4-ABD7-990D35656722}.Debug|Any CPU.ActiveCfg = Debug|Any CPU
		{6C41376A-6500-43B4-ABD7-990D35656722}.Debug|Any CPU.Build.0 = Debug|Any CPU
		{6C41376A-6500-43B4-ABD7-990D35656722}.Release|Any CPU.ActiveCfg = Release|Any CPU
		{6C41376A-6500-43B4-ABD7-990D35656722}.Release|Any CPU.Build.0 = Release|Any CPU
		{9164958A-09F4-4712-812B-7A6662381E92}.Debug|Any CPU.ActiveCfg = Debug|Any CPU
		{9164958A-09F4-4712-812B-7A6662381E92}.Debug|Any CPU.Build.0 = Debug|Any CPU
		{9164958A-09F4-4712-812B-7A6662381E92}.Release|Any CPU.ActiveCfg = Release|Any CPU
		{9164958A-09F4-4712-812B-7A6662381E92}.Release|Any CPU.Build.0 = Release|Any CPU
		{2AC79C6B-5640-46C6-AF87-78C448C07113}.Debug|Any CPU.ActiveCfg = Debug|Any CPU
		{2AC79C6B-5640-46C6-AF87-78C448C07113}.Debug|Any CPU.Build.0 = Debug|Any CPU
		{2AC79C6B-5640-46C6-AF87-78C448C07113}.Release|Any CPU.ActiveCfg = Release|Any CPU
		{2AC79C6B-5640-46C6-AF87-78C448C07113}.Release|Any CPU.Build.0 = Release|Any CPU
		{64D2683D-E977-4C4E-AF91-C0927ECB758C}.Debug|Any CPU.ActiveCfg = Debug|Any CPU
		{64D2683D-E977-4C4E-AF91-C0927ECB758C}.Debug|Any CPU.Build.0 = Debug|Any CPU
		{64D2683D-E977-4C4E-AF91-C0927ECB758C}.Release|Any CPU.ActiveCfg = Release|Any CPU
		{64D2683D-E977-4C4E-AF91-C0927ECB758C}.Release|Any CPU.Build.0 = Release|Any CPU
		{F7EEB573-486F-47FA-83C5-F6E4D7FC4E7D}.Debug|Any CPU.ActiveCfg = Debug|Any CPU
		{F7EEB573-486F-47FA-83C5-F6E4D7FC4E7D}.Debug|Any CPU.Build.0 = Debug|Any CPU
		{F7EEB573-486F-47FA-83C5-F6E4D7FC4E7D}.Release|Any CPU.ActiveCfg = Release|Any CPU
		{F7EEB573-486F-47FA-83C5-F6E4D7FC4E7D}.Release|Any CPU.Build.0 = Release|Any CPU
	EndGlobalSection
	GlobalSection(SolutionProperties) = preSolution
		HideSolutionNode = FALSE
	EndGlobalSection
	GlobalSection(NestedProjects) = preSolution
		{7F74AC7B-07A6-4636-A266-AB0C423C18B6} = {D69D5AE2-B8F1-481C-B4A7-64A34E4266D5}
		{2496FB78-1038-4943-85B7-ECDF0EA4ECA8} = {C975CCD4-6AE2-48BB-8489-0B28CBC49EB2}
		{D0B8D8EE-E089-4712-86EF-6EE78E947382} = {F70D125C-C3BC-4D0A-9C19-A9A2F92F2D03}
		{6C41376A-6500-43B4-ABD7-990D35656722} = {C975CCD4-6AE2-48BB-8489-0B28CBC49EB2}
		{9164958A-09F4-4712-812B-7A6662381E92} = {8E13A419-BEEB-4B3A-87F0-AE16E76EAC05}
		{2AC79C6B-5640-46C6-AF87-78C448C07113} = {76FDE637-8211-4F84-A49B-9E85C577D688}
		{C975CCD4-6AE2-48BB-8489-0B28CBC49EB2} = {7F74AC7B-07A6-4636-A266-AB0C423C18B6}
		{F70D125C-C3BC-4D0A-9C19-A9A2F92F2D03} = {7F74AC7B-07A6-4636-A266-AB0C423C18B6}
		{76FDE637-8211-4F84-A49B-9E85C577D688} = {7F74AC7B-07A6-4636-A266-AB0C423C18B6}
		{8E13A419-BEEB-4B3A-87F0-AE16E76EAC05} = {7F74AC7B-07A6-4636-A266-AB0C423C18B6}
		{CA8E2EA3-CC64-4A14-BC29-A027E7E87B76} = {7F74AC7B-07A6-4636-A266-AB0C423C18B6}
		{64D2683D-E977-4C4E-AF91-C0927ECB758C} = {CA8E2EA3-CC64-4A14-BC29-A027E7E87B76}
		{F7EEB573-486F-47FA-83C5-F6E4D7FC4E7D} = {CA8E2EA3-CC64-4A14-BC29-A027E7E87B76}
	EndGlobalSection
	GlobalSection(ExtensibilityGlobals) = postSolution
		SolutionGuid = {E18991AE-7E06-48F5-A6A0-43CA060A6166}
	EndGlobalSection
EndGlobal
