
Microsoft Visual Studio Solution File, Format Version 12.00
# Visual Studio Version 17
VisualStudioVersion = 17.0.31903.59
MinimumVisualStudioVersion = 10.0.40219.1
Project("{2150E333-8FDC-42A3-9474-1A3956D46DE8}") = "Services", "Services", "{E15732C3-6351-4024-AC63-1F1CB368AC28}"
EndProject
Project("{2150E333-8FDC-42A3-9474-1A3956D46DE8}") = "Identity", "Identity", "{1AC2A159-4A93-4D3B-8AAC-4D980DB9B0D7}"
EndProject
Project("{9A19103F-16F7-4668-BE54-9A1E7A4F7556}") = "Identity.API", "Services\Identity\Identity.API\Identity.API.csproj", "{471A0900-A0BD-4A77-BD35-2A88E679ADCB}"
EndProject
Project("{2150E333-8FDC-42A3-9474-1A3956D46DE8}") = "TesteAPI", "TesteAPI", "{BD43695D-8079-4C38-9FCA-1BCB539C586A}"
EndProject
Project("{9A19103F-16F7-4668-BE54-9A1E7A4F7556}") = "Teste.API", "Services\TesteAPI\Teste.API\Teste.API.csproj", "{58D63A47-27F4-4277-8E51-BF6CEC4E8A8D}"
EndProject
Project("{E53339B2-1760-4266-BCC7-CA923CBCF16C}") = "docker-compose", "docker-compose.dcproj", "{8492955D-96FD-49B6-A4D6-C712659A2497}"
EndProject
Project("{2150E333-8FDC-42A3-9474-1A3956D46DE8}") = "ApiGateway", "ApiGateway", "{4C976B97-D055-4954-A86A-8DAE61038F1F}"
	ProjectSection(SolutionItems) = preProject
		ApiGateway\Envoy\envoy.yaml = ApiGateway\Envoy\envoy.yaml
	EndProjectSection
EndProject
Project("{2150E333-8FDC-42A3-9474-1A3956D46DE8}") = "Commom", "Commom", "{227D4956-122D-4597-BFC4-A0831FF0DCAE}"
EndProject
Project("{9A19103F-16F7-4668-BE54-9A1E7A4F7556}") = "Commom.API", "Services\Commom\Commom.API\Commom.API.csproj", "{C7C78CF8-FCFE-45E8-930E-482A9AB2C777}"
EndProject
Project("{9A19103F-16F7-4668-BE54-9A1E7A4F7556}") = "Commom.Domain", "Services\Commom\Commom.Domain\Commom.Domain.csproj", "{EA3E5F48-6472-4263-AFDF-2CB09DC1AC3D}"
EndProject
Project("{9A19103F-16F7-4668-BE54-9A1E7A4F7556}") = "Commom.Infra", "Services\Commom\Commom.Infra\Commom.Infra.csproj", "{4D9AB5B2-E2E3-46A6-B040-3C98D116D5E7}"
EndProject
Project("{2150E333-8FDC-42A3-9474-1A3956D46DE8}") = "MaterialPurchase", "MaterialPurchase", "{4944623A-033A-46E1-BC82-B355843BE304}"
EndProject
Project("{9A19103F-16F7-4668-BE54-9A1E7A4F7556}") = "MaterialPurchase.API", "Services\MaterialPurchase\MaterialPurchase.API\MaterialPurchase.API.csproj", "{60EC2568-BCAB-48DE-A296-CDD043286944}"
EndProject
Project("{2150E333-8FDC-42A3-9474-1A3956D46DE8}") = "1-Application", "1-Application", "{50F6FA1C-87F0-4EF3-B915-A4B1C212E79A}"
EndProject
Project("{2150E333-8FDC-42A3-9474-1A3956D46DE8}") = "2-Domain", "2-Domain", "{97EBB372-966B-4761-8A01-E5DEBB988BFC}"
EndProject
Project("{2150E333-8FDC-42A3-9474-1A3956D46DE8}") = "3-Service", "3-Service", "{F2EDA1EB-26F6-4040-86C4-409FCD19AFAD}"
EndProject
Project("{2150E333-8FDC-42A3-9474-1A3956D46DE8}") = "4-Infra", "4-Infra", "{2EEBDB75-5880-4DD0-AF19-CA55C15CC095}"
EndProject
Project("{9A19103F-16F7-4668-BE54-9A1E7A4F7556}") = "MaterialPurchase.Domain", "Services\MaterialPurchase\MaterialPurchase.Domain\MaterialPurchase.Domain.csproj", "{4E9BCCF3-4D49-4279-8ED3-186E86794E92}"
EndProject
Project("{9A19103F-16F7-4668-BE54-9A1E7A4F7556}") = "MaterialPurchase.Service", "Services\MaterialPurchase\MaterialPurchase.Service\MaterialPurchase.Service.csproj", "{64FD9032-1415-4574-ABC7-48B4A13BDDED}"
EndProject
Project("{9A19103F-16F7-4668-BE54-9A1E7A4F7556}") = "MaterialPurchase.Infra", "Services\MaterialPurchase\MaterialPurchase.Infra\MaterialPurchase.Infra.csproj", "{CB7063F2-3995-4C26-94DE-D34922F60C01}"
EndProject
Project("{9A19103F-16F7-4668-BE54-9A1E7A4F7556}") = "Security.Jwt", "Services\Identity\Security.Jwt\Security.Jwt.csproj", "{5C0EBE91-3F12-4F2F-8DD0-5169F53256E8}"
EndProject
Project("{2150E333-8FDC-42A3-9474-1A3956D46DE8}") = "5-Tests", "5-Tests", "{93A7C00E-7E04-44B8-B47E-3ABE0133BB74}"
EndProject
Project("{9A19103F-16F7-4668-BE54-9A1E7A4F7556}") = "MaterialPurchase.Tests", "Services\MaterialPurchase\MaterialPurchase.Tests\MaterialPurchase.Tests.csproj", "{CE41C283-21A9-4C1E-8AA9-09213CB694FF}"
EndProject
Project("{2150E333-8FDC-42A3-9474-1A3956D46DE8}") = "MaterialControl", "MaterialControl", "{E3C7F336-474F-454A-9807-BFF96F86355B}"
EndProject
Project("{9A19103F-16F7-4668-BE54-9A1E7A4F7556}") = "MaterialControl.API", "Services\MaterialControl\MaterialControl.API\MaterialControl.API.csproj", "{83FF96B1-812D-4740-8A44-4BBB1351E8B4}"
EndProject
Project("{2150E333-8FDC-42A3-9474-1A3956D46DE8}") = "1-Application", "1-Application", "{93D18017-24E8-4695-81DA-26E6B5376BAC}"
EndProject
Project("{2150E333-8FDC-42A3-9474-1A3956D46DE8}") = "2-Domain", "2-Domain", "{67643E51-F803-48F7-97C4-F2997C9A7166}"
EndProject
Project("{2150E333-8FDC-42A3-9474-1A3956D46DE8}") = "3-Service", "3-Service", "{FC6910C5-7159-4BEC-8CA2-602C6A4DBFEB}"
EndProject
Project("{2150E333-8FDC-42A3-9474-1A3956D46DE8}") = "4-Infra", "4-Infra", "{9593D208-B03D-42A9-89C5-528AFF4B7C1D}"
EndProject
Project("{9A19103F-16F7-4668-BE54-9A1E7A4F7556}") = "MaterialControl.Domain", "Services\MaterialControl\MaterialControl.Domain\MaterialControl.Domain.csproj", "{4EE63FE8-CF65-4238-AA20-A2C262051A71}"
EndProject
Project("{9A19103F-16F7-4668-BE54-9A1E7A4F7556}") = "MaterialControl.Services", "Services\MaterialControl\MaterialControl.Services\MaterialControl.Services.csproj", "{CDD3C19C-37EB-4DA8-A15C-22EFE2632F03}"
EndProject
Project("{9A19103F-16F7-4668-BE54-9A1E7A4F7556}") = "MaterialControl.Infra", "Services\MaterialControl\MaterialControl.Infra\MaterialControl.Infra.csproj", "{539A5DB7-6972-4344-9FFE-5079B79A0082}"
EndProject
Project("{2150E333-8FDC-42A3-9474-1A3956D46DE8}") = "5-Tests", "5-Tests", "{21A728F8-7555-4BBD-A763-EBE56DF9BBE9}"
EndProject
Project("{9A19103F-16F7-4668-BE54-9A1E7A4F7556}") = "MaterialControl.Tests", "Services\MaterialControl\MaterialControl.Tests\MaterialControl.Tests.csproj", "{74666122-5348-4250-B2F7-E2B87B5A80D3}"
EndProject
Project("{9A19103F-16F7-4668-BE54-9A1E7A4F7556}") = "Commom.Tests", "Services\Commom\Commom.Tests\Commom.Tests.csproj", "{C8CABC9E-1CD8-43BD-B3F0-12376A98C8CA}"
EndProject
Project("{9A19103F-16F7-4668-BE54-9A1E7A4F7556}") = "Commom.MessageBroker", "Services\Commom\Commom.MessageBroker\Commom.MessageBroker.csproj", "{6C88AC57-221F-4C90-BC9C-12D1CE2CAB24}"
EndProject
Project("{2150E333-8FDC-42A3-9474-1A3956D46DE8}") = "CustSuprManager", "CustSuprManager", "{1F24CF21-1109-4A64-99FE-740C96CEFF56}"
EndProject
Project("{2150E333-8FDC-42A3-9474-1A3956D46DE8}") = "1-Application", "1-Application", "{31467708-0A89-461D-B98E-27CB4AA272EA}"
EndProject
Project("{2150E333-8FDC-42A3-9474-1A3956D46DE8}") = "2-Domain", "2-Domain", "{A285842F-3430-453F-ADE1-A136FB53556C}"
EndProject
Project("{2150E333-8FDC-42A3-9474-1A3956D46DE8}") = "3-Service", "3-Service", "{13115023-10FE-4902-9A1C-8A221EBD5281}"
EndProject
Project("{2150E333-8FDC-42A3-9474-1A3956D46DE8}") = "4-Infra", "4-Infra", "{4BBF8F7C-2310-43D3-A63A-385B65DB19D0}"
EndProject
Project("{2150E333-8FDC-42A3-9474-1A3956D46DE8}") = "5-Tests", "5-Tests", "{32DFF87A-BBDB-4DCC-8C3F-0939C5FE553D}"
EndProject
Project("{9A19103F-16F7-4668-BE54-9A1E7A4F7556}") = "CustSuprManager.API", "Services\CustSuprManager\CustSuprManager.API\CustSuprManager.API.csproj", "{B251062D-EB8F-49E9-98CD-BE964948E8E7}"
EndProject
Project("{9A19103F-16F7-4668-BE54-9A1E7A4F7556}") = "CustSuprManager.Domain", "Services\CustSuprManager\CustSuprManager.Domain\CustSuprManager.Domain.csproj", "{01794E17-DE5A-42AF-A748-E5DC6AC12B8E}"
EndProject
Project("{9A19103F-16F7-4668-BE54-9A1E7A4F7556}") = "CustSuprManager.Service", "Services\CustSuprManager\CustSuprManager.Service\CustSuprManager.Service.csproj", "{721B0B14-43EE-4E98-B12E-2E2779A4DC19}"
EndProject
Project("{9A19103F-16F7-4668-BE54-9A1E7A4F7556}") = "CustSuprManager.Infra", "Services\CustSuprManager\CustSuprManager.Infra\CustSuprManager.Infra.csproj", "{20C50AC3-478E-4B5E-901C-026583C53F01}"
EndProject
Project("{9A19103F-16F7-4668-BE54-9A1E7A4F7556}") = "CustSuprManager.Tests", "Services\CustSuprManager\CustSuprManager.Tests\CustSuprManager.Tests.csproj", "{F66C6D38-A123-4093-8833-4A934A6AB189}"
EndProject
Project("{9A19103F-16F7-4668-BE54-9A1E7A4F7556}") = "Commom.FileManager", "Services\Commom\Commom.FileManager\Commom.FileManager.csproj", "{86346034-A1B9-4C0A-99F3-F95EBCDF539C}"
EndProject
Project("{FAE04EC0-301F-11D3-BF4B-00C04F79EFBC}") = "Commom.Auth", "Services\Commom\Commom.Auth\Commom.Auth.csproj", "{E9E6D6F9-3EDD-49AE-AB72-5C6231EEDACE}"
EndProject
Global
	GlobalSection(SolutionConfigurationPlatforms) = preSolution
		Debug|Any CPU = Debug|Any CPU
		Release|Any CPU = Release|Any CPU
	EndGlobalSection
	GlobalSection(ProjectConfigurationPlatforms) = postSolution
		{471A0900-A0BD-4A77-BD35-2A88E679ADCB}.Debug|Any CPU.ActiveCfg = Debug|Any CPU
		{471A0900-A0BD-4A77-BD35-2A88E679ADCB}.Debug|Any CPU.Build.0 = Debug|Any CPU
		{471A0900-A0BD-4A77-BD35-2A88E679ADCB}.Release|Any CPU.ActiveCfg = Release|Any CPU
		{471A0900-A0BD-4A77-BD35-2A88E679ADCB}.Release|Any CPU.Build.0 = Release|Any CPU
		{58D63A47-27F4-4277-8E51-BF6CEC4E8A8D}.Debug|Any CPU.ActiveCfg = Debug|Any CPU
		{58D63A47-27F4-4277-8E51-BF6CEC4E8A8D}.Debug|Any CPU.Build.0 = Debug|Any CPU
		{58D63A47-27F4-4277-8E51-BF6CEC4E8A8D}.Release|Any CPU.ActiveCfg = Release|Any CPU
		{58D63A47-27F4-4277-8E51-BF6CEC4E8A8D}.Release|Any CPU.Build.0 = Release|Any CPU
		{8492955D-96FD-49B6-A4D6-C712659A2497}.Debug|Any CPU.ActiveCfg = Debug|Any CPU
		{8492955D-96FD-49B6-A4D6-C712659A2497}.Debug|Any CPU.Build.0 = Debug|Any CPU
		{8492955D-96FD-49B6-A4D6-C712659A2497}.Release|Any CPU.ActiveCfg = Release|Any CPU
		{8492955D-96FD-49B6-A4D6-C712659A2497}.Release|Any CPU.Build.0 = Release|Any CPU
		{C7C78CF8-FCFE-45E8-930E-482A9AB2C777}.Debug|Any CPU.ActiveCfg = Debug|Any CPU
		{C7C78CF8-FCFE-45E8-930E-482A9AB2C777}.Debug|Any CPU.Build.0 = Debug|Any CPU
		{C7C78CF8-FCFE-45E8-930E-482A9AB2C777}.Release|Any CPU.ActiveCfg = Release|Any CPU
		{C7C78CF8-FCFE-45E8-930E-482A9AB2C777}.Release|Any CPU.Build.0 = Release|Any CPU
		{EA3E5F48-6472-4263-AFDF-2CB09DC1AC3D}.Debug|Any CPU.ActiveCfg = Debug|Any CPU
		{EA3E5F48-6472-4263-AFDF-2CB09DC1AC3D}.Debug|Any CPU.Build.0 = Debug|Any CPU
		{EA3E5F48-6472-4263-AFDF-2CB09DC1AC3D}.Release|Any CPU.ActiveCfg = Release|Any CPU
		{EA3E5F48-6472-4263-AFDF-2CB09DC1AC3D}.Release|Any CPU.Build.0 = Release|Any CPU
		{4D9AB5B2-E2E3-46A6-B040-3C98D116D5E7}.Debug|Any CPU.ActiveCfg = Debug|Any CPU
		{4D9AB5B2-E2E3-46A6-B040-3C98D116D5E7}.Debug|Any CPU.Build.0 = Debug|Any CPU
		{4D9AB5B2-E2E3-46A6-B040-3C98D116D5E7}.Release|Any CPU.ActiveCfg = Release|Any CPU
		{4D9AB5B2-E2E3-46A6-B040-3C98D116D5E7}.Release|Any CPU.Build.0 = Release|Any CPU
		{60EC2568-BCAB-48DE-A296-CDD043286944}.Debug|Any CPU.ActiveCfg = Debug|Any CPU
		{60EC2568-BCAB-48DE-A296-CDD043286944}.Debug|Any CPU.Build.0 = Debug|Any CPU
		{60EC2568-BCAB-48DE-A296-CDD043286944}.Release|Any CPU.ActiveCfg = Release|Any CPU
		{60EC2568-BCAB-48DE-A296-CDD043286944}.Release|Any CPU.Build.0 = Release|Any CPU
		{4E9BCCF3-4D49-4279-8ED3-186E86794E92}.Debug|Any CPU.ActiveCfg = Debug|Any CPU
		{4E9BCCF3-4D49-4279-8ED3-186E86794E92}.Debug|Any CPU.Build.0 = Debug|Any CPU
		{4E9BCCF3-4D49-4279-8ED3-186E86794E92}.Release|Any CPU.ActiveCfg = Release|Any CPU
		{4E9BCCF3-4D49-4279-8ED3-186E86794E92}.Release|Any CPU.Build.0 = Release|Any CPU
		{64FD9032-1415-4574-ABC7-48B4A13BDDED}.Debug|Any CPU.ActiveCfg = Debug|Any CPU
		{64FD9032-1415-4574-ABC7-48B4A13BDDED}.Debug|Any CPU.Build.0 = Debug|Any CPU
		{64FD9032-1415-4574-ABC7-48B4A13BDDED}.Release|Any CPU.ActiveCfg = Release|Any CPU
		{64FD9032-1415-4574-ABC7-48B4A13BDDED}.Release|Any CPU.Build.0 = Release|Any CPU
		{CB7063F2-3995-4C26-94DE-D34922F60C01}.Debug|Any CPU.ActiveCfg = Debug|Any CPU
		{CB7063F2-3995-4C26-94DE-D34922F60C01}.Debug|Any CPU.Build.0 = Debug|Any CPU
		{CB7063F2-3995-4C26-94DE-D34922F60C01}.Release|Any CPU.ActiveCfg = Release|Any CPU
		{CB7063F2-3995-4C26-94DE-D34922F60C01}.Release|Any CPU.Build.0 = Release|Any CPU
		{5C0EBE91-3F12-4F2F-8DD0-5169F53256E8}.Debug|Any CPU.ActiveCfg = Debug|Any CPU
		{5C0EBE91-3F12-4F2F-8DD0-5169F53256E8}.Debug|Any CPU.Build.0 = Debug|Any CPU
		{5C0EBE91-3F12-4F2F-8DD0-5169F53256E8}.Release|Any CPU.ActiveCfg = Release|Any CPU
		{5C0EBE91-3F12-4F2F-8DD0-5169F53256E8}.Release|Any CPU.Build.0 = Release|Any CPU
		{CE41C283-21A9-4C1E-8AA9-09213CB694FF}.Debug|Any CPU.ActiveCfg = Debug|Any CPU
		{CE41C283-21A9-4C1E-8AA9-09213CB694FF}.Debug|Any CPU.Build.0 = Debug|Any CPU
		{CE41C283-21A9-4C1E-8AA9-09213CB694FF}.Release|Any CPU.ActiveCfg = Release|Any CPU
		{CE41C283-21A9-4C1E-8AA9-09213CB694FF}.Release|Any CPU.Build.0 = Release|Any CPU
		{83FF96B1-812D-4740-8A44-4BBB1351E8B4}.Debug|Any CPU.ActiveCfg = Debug|Any CPU
		{83FF96B1-812D-4740-8A44-4BBB1351E8B4}.Debug|Any CPU.Build.0 = Debug|Any CPU
		{83FF96B1-812D-4740-8A44-4BBB1351E8B4}.Release|Any CPU.ActiveCfg = Release|Any CPU
		{83FF96B1-812D-4740-8A44-4BBB1351E8B4}.Release|Any CPU.Build.0 = Release|Any CPU
		{4EE63FE8-CF65-4238-AA20-A2C262051A71}.Debug|Any CPU.ActiveCfg = Debug|Any CPU
		{4EE63FE8-CF65-4238-AA20-A2C262051A71}.Debug|Any CPU.Build.0 = Debug|Any CPU
		{4EE63FE8-CF65-4238-AA20-A2C262051A71}.Release|Any CPU.ActiveCfg = Release|Any CPU
		{4EE63FE8-CF65-4238-AA20-A2C262051A71}.Release|Any CPU.Build.0 = Release|Any CPU
		{CDD3C19C-37EB-4DA8-A15C-22EFE2632F03}.Debug|Any CPU.ActiveCfg = Debug|Any CPU
		{CDD3C19C-37EB-4DA8-A15C-22EFE2632F03}.Debug|Any CPU.Build.0 = Debug|Any CPU
		{CDD3C19C-37EB-4DA8-A15C-22EFE2632F03}.Release|Any CPU.ActiveCfg = Release|Any CPU
		{CDD3C19C-37EB-4DA8-A15C-22EFE2632F03}.Release|Any CPU.Build.0 = Release|Any CPU
		{539A5DB7-6972-4344-9FFE-5079B79A0082}.Debug|Any CPU.ActiveCfg = Debug|Any CPU
		{539A5DB7-6972-4344-9FFE-5079B79A0082}.Debug|Any CPU.Build.0 = Debug|Any CPU
		{539A5DB7-6972-4344-9FFE-5079B79A0082}.Release|Any CPU.ActiveCfg = Release|Any CPU
		{539A5DB7-6972-4344-9FFE-5079B79A0082}.Release|Any CPU.Build.0 = Release|Any CPU
		{74666122-5348-4250-B2F7-E2B87B5A80D3}.Debug|Any CPU.ActiveCfg = Debug|Any CPU
		{74666122-5348-4250-B2F7-E2B87B5A80D3}.Debug|Any CPU.Build.0 = Debug|Any CPU
		{74666122-5348-4250-B2F7-E2B87B5A80D3}.Release|Any CPU.ActiveCfg = Release|Any CPU
		{74666122-5348-4250-B2F7-E2B87B5A80D3}.Release|Any CPU.Build.0 = Release|Any CPU
		{C8CABC9E-1CD8-43BD-B3F0-12376A98C8CA}.Debug|Any CPU.ActiveCfg = Debug|Any CPU
		{C8CABC9E-1CD8-43BD-B3F0-12376A98C8CA}.Debug|Any CPU.Build.0 = Debug|Any CPU
		{C8CABC9E-1CD8-43BD-B3F0-12376A98C8CA}.Release|Any CPU.ActiveCfg = Release|Any CPU
		{C8CABC9E-1CD8-43BD-B3F0-12376A98C8CA}.Release|Any CPU.Build.0 = Release|Any CPU
		{6C88AC57-221F-4C90-BC9C-12D1CE2CAB24}.Debug|Any CPU.ActiveCfg = Debug|Any CPU
		{6C88AC57-221F-4C90-BC9C-12D1CE2CAB24}.Debug|Any CPU.Build.0 = Debug|Any CPU
		{6C88AC57-221F-4C90-BC9C-12D1CE2CAB24}.Release|Any CPU.ActiveCfg = Release|Any CPU
		{6C88AC57-221F-4C90-BC9C-12D1CE2CAB24}.Release|Any CPU.Build.0 = Release|Any CPU
		{B251062D-EB8F-49E9-98CD-BE964948E8E7}.Debug|Any CPU.ActiveCfg = Debug|Any CPU
		{B251062D-EB8F-49E9-98CD-BE964948E8E7}.Debug|Any CPU.Build.0 = Debug|Any CPU
		{B251062D-EB8F-49E9-98CD-BE964948E8E7}.Release|Any CPU.ActiveCfg = Release|Any CPU
		{B251062D-EB8F-49E9-98CD-BE964948E8E7}.Release|Any CPU.Build.0 = Release|Any CPU
		{01794E17-DE5A-42AF-A748-E5DC6AC12B8E}.Debug|Any CPU.ActiveCfg = Debug|Any CPU
		{01794E17-DE5A-42AF-A748-E5DC6AC12B8E}.Debug|Any CPU.Build.0 = Debug|Any CPU
		{01794E17-DE5A-42AF-A748-E5DC6AC12B8E}.Release|Any CPU.ActiveCfg = Release|Any CPU
		{01794E17-DE5A-42AF-A748-E5DC6AC12B8E}.Release|Any CPU.Build.0 = Release|Any CPU
		{721B0B14-43EE-4E98-B12E-2E2779A4DC19}.Debug|Any CPU.ActiveCfg = Debug|Any CPU
		{721B0B14-43EE-4E98-B12E-2E2779A4DC19}.Debug|Any CPU.Build.0 = Debug|Any CPU
		{721B0B14-43EE-4E98-B12E-2E2779A4DC19}.Release|Any CPU.ActiveCfg = Release|Any CPU
		{721B0B14-43EE-4E98-B12E-2E2779A4DC19}.Release|Any CPU.Build.0 = Release|Any CPU
		{20C50AC3-478E-4B5E-901C-026583C53F01}.Debug|Any CPU.ActiveCfg = Debug|Any CPU
		{20C50AC3-478E-4B5E-901C-026583C53F01}.Debug|Any CPU.Build.0 = Debug|Any CPU
		{20C50AC3-478E-4B5E-901C-026583C53F01}.Release|Any CPU.ActiveCfg = Release|Any CPU
		{20C50AC3-478E-4B5E-901C-026583C53F01}.Release|Any CPU.Build.0 = Release|Any CPU
		{F66C6D38-A123-4093-8833-4A934A6AB189}.Debug|Any CPU.ActiveCfg = Debug|Any CPU
		{F66C6D38-A123-4093-8833-4A934A6AB189}.Debug|Any CPU.Build.0 = Debug|Any CPU
		{F66C6D38-A123-4093-8833-4A934A6AB189}.Release|Any CPU.ActiveCfg = Release|Any CPU
		{F66C6D38-A123-4093-8833-4A934A6AB189}.Release|Any CPU.Build.0 = Release|Any CPU
		{86346034-A1B9-4C0A-99F3-F95EBCDF539C}.Debug|Any CPU.ActiveCfg = Debug|Any CPU
		{86346034-A1B9-4C0A-99F3-F95EBCDF539C}.Debug|Any CPU.Build.0 = Debug|Any CPU
		{86346034-A1B9-4C0A-99F3-F95EBCDF539C}.Release|Any CPU.ActiveCfg = Release|Any CPU
		{86346034-A1B9-4C0A-99F3-F95EBCDF539C}.Release|Any CPU.Build.0 = Release|Any CPU
		{E9E6D6F9-3EDD-49AE-AB72-5C6231EEDACE}.Debug|Any CPU.ActiveCfg = Debug|Any CPU
		{E9E6D6F9-3EDD-49AE-AB72-5C6231EEDACE}.Debug|Any CPU.Build.0 = Debug|Any CPU
		{E9E6D6F9-3EDD-49AE-AB72-5C6231EEDACE}.Release|Any CPU.ActiveCfg = Release|Any CPU
		{E9E6D6F9-3EDD-49AE-AB72-5C6231EEDACE}.Release|Any CPU.Build.0 = Release|Any CPU
	EndGlobalSection
	GlobalSection(SolutionProperties) = preSolution
		HideSolutionNode = FALSE
	EndGlobalSection
	GlobalSection(NestedProjects) = preSolution
		{1AC2A159-4A93-4D3B-8AAC-4D980DB9B0D7} = {E15732C3-6351-4024-AC63-1F1CB368AC28}
		{471A0900-A0BD-4A77-BD35-2A88E679ADCB} = {1AC2A159-4A93-4D3B-8AAC-4D980DB9B0D7}
		{BD43695D-8079-4C38-9FCA-1BCB539C586A} = {E15732C3-6351-4024-AC63-1F1CB368AC28}
		{58D63A47-27F4-4277-8E51-BF6CEC4E8A8D} = {BD43695D-8079-4C38-9FCA-1BCB539C586A}
		{227D4956-122D-4597-BFC4-A0831FF0DCAE} = {E15732C3-6351-4024-AC63-1F1CB368AC28}
		{C7C78CF8-FCFE-45E8-930E-482A9AB2C777} = {227D4956-122D-4597-BFC4-A0831FF0DCAE}
		{EA3E5F48-6472-4263-AFDF-2CB09DC1AC3D} = {227D4956-122D-4597-BFC4-A0831FF0DCAE}
		{4D9AB5B2-E2E3-46A6-B040-3C98D116D5E7} = {227D4956-122D-4597-BFC4-A0831FF0DCAE}
		{4944623A-033A-46E1-BC82-B355843BE304} = {E15732C3-6351-4024-AC63-1F1CB368AC28}
		{60EC2568-BCAB-48DE-A296-CDD043286944} = {50F6FA1C-87F0-4EF3-B915-A4B1C212E79A}
		{50F6FA1C-87F0-4EF3-B915-A4B1C212E79A} = {4944623A-033A-46E1-BC82-B355843BE304}
		{97EBB372-966B-4761-8A01-E5DEBB988BFC} = {4944623A-033A-46E1-BC82-B355843BE304}
		{F2EDA1EB-26F6-4040-86C4-409FCD19AFAD} = {4944623A-033A-46E1-BC82-B355843BE304}
		{2EEBDB75-5880-4DD0-AF19-CA55C15CC095} = {4944623A-033A-46E1-BC82-B355843BE304}
		{4E9BCCF3-4D49-4279-8ED3-186E86794E92} = {97EBB372-966B-4761-8A01-E5DEBB988BFC}
		{64FD9032-1415-4574-ABC7-48B4A13BDDED} = {F2EDA1EB-26F6-4040-86C4-409FCD19AFAD}
		{CB7063F2-3995-4C26-94DE-D34922F60C01} = {2EEBDB75-5880-4DD0-AF19-CA55C15CC095}
		{5C0EBE91-3F12-4F2F-8DD0-5169F53256E8} = {1AC2A159-4A93-4D3B-8AAC-4D980DB9B0D7}
		{93A7C00E-7E04-44B8-B47E-3ABE0133BB74} = {4944623A-033A-46E1-BC82-B355843BE304}
		{CE41C283-21A9-4C1E-8AA9-09213CB694FF} = {93A7C00E-7E04-44B8-B47E-3ABE0133BB74}
		{E3C7F336-474F-454A-9807-BFF96F86355B} = {E15732C3-6351-4024-AC63-1F1CB368AC28}
		{83FF96B1-812D-4740-8A44-4BBB1351E8B4} = {93D18017-24E8-4695-81DA-26E6B5376BAC}
		{93D18017-24E8-4695-81DA-26E6B5376BAC} = {E3C7F336-474F-454A-9807-BFF96F86355B}
		{67643E51-F803-48F7-97C4-F2997C9A7166} = {E3C7F336-474F-454A-9807-BFF96F86355B}
		{FC6910C5-7159-4BEC-8CA2-602C6A4DBFEB} = {E3C7F336-474F-454A-9807-BFF96F86355B}
		{9593D208-B03D-42A9-89C5-528AFF4B7C1D} = {E3C7F336-474F-454A-9807-BFF96F86355B}
		{4EE63FE8-CF65-4238-AA20-A2C262051A71} = {67643E51-F803-48F7-97C4-F2997C9A7166}
		{CDD3C19C-37EB-4DA8-A15C-22EFE2632F03} = {FC6910C5-7159-4BEC-8CA2-602C6A4DBFEB}
		{539A5DB7-6972-4344-9FFE-5079B79A0082} = {9593D208-B03D-42A9-89C5-528AFF4B7C1D}
		{21A728F8-7555-4BBD-A763-EBE56DF9BBE9} = {E3C7F336-474F-454A-9807-BFF96F86355B}
		{74666122-5348-4250-B2F7-E2B87B5A80D3} = {21A728F8-7555-4BBD-A763-EBE56DF9BBE9}
		{C8CABC9E-1CD8-43BD-B3F0-12376A98C8CA} = {227D4956-122D-4597-BFC4-A0831FF0DCAE}
		{6C88AC57-221F-4C90-BC9C-12D1CE2CAB24} = {227D4956-122D-4597-BFC4-A0831FF0DCAE}
		{1F24CF21-1109-4A64-99FE-740C96CEFF56} = {E15732C3-6351-4024-AC63-1F1CB368AC28}
		{31467708-0A89-461D-B98E-27CB4AA272EA} = {1F24CF21-1109-4A64-99FE-740C96CEFF56}
		{A285842F-3430-453F-ADE1-A136FB53556C} = {1F24CF21-1109-4A64-99FE-740C96CEFF56}
		{13115023-10FE-4902-9A1C-8A221EBD5281} = {1F24CF21-1109-4A64-99FE-740C96CEFF56}
		{4BBF8F7C-2310-43D3-A63A-385B65DB19D0} = {1F24CF21-1109-4A64-99FE-740C96CEFF56}
		{32DFF87A-BBDB-4DCC-8C3F-0939C5FE553D} = {1F24CF21-1109-4A64-99FE-740C96CEFF56}
		{B251062D-EB8F-49E9-98CD-BE964948E8E7} = {31467708-0A89-461D-B98E-27CB4AA272EA}
		{01794E17-DE5A-42AF-A748-E5DC6AC12B8E} = {A285842F-3430-453F-ADE1-A136FB53556C}
		{721B0B14-43EE-4E98-B12E-2E2779A4DC19} = {13115023-10FE-4902-9A1C-8A221EBD5281}
		{20C50AC3-478E-4B5E-901C-026583C53F01} = {4BBF8F7C-2310-43D3-A63A-385B65DB19D0}
		{F66C6D38-A123-4093-8833-4A934A6AB189} = {32DFF87A-BBDB-4DCC-8C3F-0939C5FE553D}
		{86346034-A1B9-4C0A-99F3-F95EBCDF539C} = {227D4956-122D-4597-BFC4-A0831FF0DCAE}
		{E9E6D6F9-3EDD-49AE-AB72-5C6231EEDACE} = {227D4956-122D-4597-BFC4-A0831FF0DCAE}
	EndGlobalSection
	GlobalSection(ExtensibilityGlobals) = postSolution
		SolutionGuid = {9847F031-C706-4524-A2AA-7006612702CA}
	EndGlobalSection
EndGlobal
