
Microsoft Visual Studio Solution File, Format Version 12.00
# Visual Studio Version 17
VisualStudioVersion = 17.0.31903.59
MinimumVisualStudioVersion = 10.0.40219.1
Project("{2150E333-8FDC-42A3-9474-1A3956D46DE8}") = "api-gateway", "api-gateway", "{94FFB44C-CD64-4DB9-A128-3BEAF4BBE81A}"
EndProject
Project("{9A19103F-16F7-4668-BE54-9A1E7A4F7556}") = "ApiGateway", "api-gateway\ApiGateway\ApiGateway.csproj", "{BEA3E4E3-B3BD-438D-946D-DA07895D5FA9}"
EndProject
Project("{2150E333-8FDC-42A3-9474-1A3956D46DE8}") = "authenticate-api", "authenticate-api", "{5BDE27AB-E1D0-47AA-B20F-3C499BD6D420}"
EndProject
Project("{9A19103F-16F7-4668-BE54-9A1E7A4F7556}") = "Authenticate.Api", "authenticate-api\Authenticate.Api\Authenticate.Api.csproj", "{E5336840-3C65-4C97-8AC3-72828D658ED1}"
EndProject
Project("{E53339B2-1760-4266-BCC7-CA923CBCF16C}") = "docker-compose", "docker-compose.dcproj", "{E7B17ABC-2A34-4A0F-95D5-380ACD8BB2B1}"
EndProject
Global
	GlobalSection(SolutionConfigurationPlatforms) = preSolution
		Debug|Any CPU = Debug|Any CPU
		Release|Any CPU = Release|Any CPU
	EndGlobalSection
	GlobalSection(ProjectConfigurationPlatforms) = postSolution
		{BEA3E4E3-B3BD-438D-946D-DA07895D5FA9}.Debug|Any CPU.ActiveCfg = Debug|Any CPU
		{BEA3E4E3-B3BD-438D-946D-DA07895D5FA9}.Debug|Any CPU.Build.0 = Debug|Any CPU
		{BEA3E4E3-B3BD-438D-946D-DA07895D5FA9}.Release|Any CPU.ActiveCfg = Release|Any CPU
		{BEA3E4E3-B3BD-438D-946D-DA07895D5FA9}.Release|Any CPU.Build.0 = Release|Any CPU
		{E5336840-3C65-4C97-8AC3-72828D658ED1}.Debug|Any CPU.ActiveCfg = Debug|Any CPU
		{E5336840-3C65-4C97-8AC3-72828D658ED1}.Debug|Any CPU.Build.0 = Debug|Any CPU
		{E5336840-3C65-4C97-8AC3-72828D658ED1}.Release|Any CPU.ActiveCfg = Release|Any CPU
		{E5336840-3C65-4C97-8AC3-72828D658ED1}.Release|Any CPU.Build.0 = Release|Any CPU
		{E7B17ABC-2A34-4A0F-95D5-380ACD8BB2B1}.Debug|Any CPU.ActiveCfg = Debug|Any CPU
		{E7B17ABC-2A34-4A0F-95D5-380ACD8BB2B1}.Debug|Any CPU.Build.0 = Debug|Any CPU
		{E7B17ABC-2A34-4A0F-95D5-380ACD8BB2B1}.Release|Any CPU.ActiveCfg = Release|Any CPU
		{E7B17ABC-2A34-4A0F-95D5-380ACD8BB2B1}.Release|Any CPU.Build.0 = Release|Any CPU
	EndGlobalSection
	GlobalSection(SolutionProperties) = preSolution
		HideSolutionNode = FALSE
	EndGlobalSection
	GlobalSection(NestedProjects) = preSolution
		{BEA3E4E3-B3BD-438D-946D-DA07895D5FA9} = {94FFB44C-CD64-4DB9-A128-3BEAF4BBE81A}
		{E5336840-3C65-4C97-8AC3-72828D658ED1} = {5BDE27AB-E1D0-47AA-B20F-3C499BD6D420}
	EndGlobalSection
	GlobalSection(ExtensibilityGlobals) = postSolution
		SolutionGuid = {1818E7D5-2E0F-4707-BC17-18B76C41358B}
	EndGlobalSection
EndGlobal
